{
  "version": 4,
  "terraform_version": "1.0.11",
  "serial": 148,
  "lineage": "7d07115b-f4c0-3492-ce25-de564f5645e7",
  "outputs": {
    "appgw_pubip": {
      "value": "20.200.243.48",
      "type": "string"
    },
    "jumpbox_pubip": {
      "value": "20.200.243.3",
      "type": "string"
    }
  },
  "resources": [
    {
      "mode": "managed",
      "type": "azurerm_application_gateway",
      "name": "web_appgw",
      "provider": "provider[\"registry.terraform.io/hashicorp/azurerm\"]",
      "instances": [
        {
          "schema_version": 0,
          "attributes": {
            "authentication_certificate": [],
            "autoscale_configuration": [
              {
                "max_capacity": 10,
                "min_capacity": 2
              }
            ],
            "backend_address_pool": [
              {
                "fqdns": [],
                "id": "/subscriptions/39438a80-f276-4b26-9c26-bd48ff8bc49c/resourceGroups/smlee-3tier/providers/Microsoft.Network/applicationGateways/smlee-web-appgw/backendAddressPools/backend",
                "ip_addresses": [],
                "name": "backend"
              }
            ],
            "backend_http_settings": [
              {
                "affinity_cookie_name": "",
                "authentication_certificate": [],
                "connection_draining": [],
                "cookie_based_affinity": "Disabled",
                "host_name": "",
                "id": "/subscriptions/39438a80-f276-4b26-9c26-bd48ff8bc49c/resourceGroups/smlee-3tier/providers/Microsoft.Network/applicationGateways/smlee-web-appgw/backendHttpSettingsCollection/settings-80",
                "name": "settings-80",
                "path": "/",
                "pick_host_name_from_backend_address": true,
                "port": 80,
                "probe_id": "",
                "probe_name": "",
                "protocol": "Http",
                "request_timeout": 20,
                "trusted_root_certificate_names": []
              },
              {
                "affinity_cookie_name": "",
                "authentication_certificate": [],
                "connection_draining": [],
                "cookie_based_affinity": "Disabled",
                "host_name": "",
                "id": "/subscriptions/39438a80-f276-4b26-9c26-bd48ff8bc49c/resourceGroups/smlee-3tier/providers/Microsoft.Network/applicationGateways/smlee-web-appgw/backendHttpSettingsCollection/settings-443",
                "name": "settings-443",
                "path": "/",
                "pick_host_name_from_backend_address": true,
                "port": 443,
                "probe_id": "/subscriptions/39438a80-f276-4b26-9c26-bd48ff8bc49c/resourceGroups/smlee-3tier/providers/Microsoft.Network/applicationGateways/smlee-web-appgw/probes/probe-443",
                "probe_name": "probe-443",
                "protocol": "Https",
                "request_timeout": 20,
                "trusted_root_certificate_names": []
              }
            ],
            "custom_error_configuration": [],
            "enable_http2": false,
            "firewall_policy_id": null,
            "frontend_ip_configuration": [
              {
                "id": "/subscriptions/39438a80-f276-4b26-9c26-bd48ff8bc49c/resourceGroups/smlee-3tier/providers/Microsoft.Network/applicationGateways/smlee-web-appgw/frontendIPConfigurations/public-ip",
                "name": "public-ip",
                "private_ip_address": "",
                "private_ip_address_allocation": "Dynamic",
                "private_link_configuration_id": "",
                "private_link_configuration_name": "",
                "public_ip_address_id": "/subscriptions/39438a80-f276-4b26-9c26-bd48ff8bc49c/resourceGroups/smlee-3tier/providers/Microsoft.Network/publicIPAddresses/smlee-appgw-pubip",
                "subnet_id": ""
              },
              {
                "id": "/subscriptions/39438a80-f276-4b26-9c26-bd48ff8bc49c/resourceGroups/smlee-3tier/providers/Microsoft.Network/applicationGateways/smlee-web-appgw/frontendIPConfigurations/private",
                "name": "private",
                "private_ip_address": "10.0.1.5",
                "private_ip_address_allocation": "Static",
                "private_link_configuration_id": "",
                "private_link_configuration_name": "",
                "public_ip_address_id": "",
                "subnet_id": "/subscriptions/39438a80-f276-4b26-9c26-bd48ff8bc49c/resourceGroups/smlee-3tier/providers/Microsoft.Network/virtualNetworks/smlee-vnet/subnets/smlee-appgw-subnet"
              }
            ],
            "frontend_port": [
              {
                "id": "/subscriptions/39438a80-f276-4b26-9c26-bd48ff8bc49c/resourceGroups/smlee-3tier/providers/Microsoft.Network/applicationGateways/smlee-web-appgw/frontendPorts/frontend-443",
                "name": "frontend-443",
                "port": 443
              },
              {
                "id": "/subscriptions/39438a80-f276-4b26-9c26-bd48ff8bc49c/resourceGroups/smlee-3tier/providers/Microsoft.Network/applicationGateways/smlee-web-appgw/frontendPorts/frontend-80",
                "name": "frontend-80",
                "port": 80
              }
            ],
            "gateway_ip_configuration": [
              {
                "id": "/subscriptions/39438a80-f276-4b26-9c26-bd48ff8bc49c/resourceGroups/smlee-3tier/providers/Microsoft.Network/applicationGateways/smlee-web-appgw/gatewayIPConfigurations/appgw-conf",
                "name": "appgw-conf",
                "subnet_id": "/subscriptions/39438a80-f276-4b26-9c26-bd48ff8bc49c/resourceGroups/smlee-3tier/providers/Microsoft.Network/virtualNetworks/smlee-vnet/subnets/smlee-appgw-subnet"
              }
            ],
            "http_listener": [
              {
                "custom_error_configuration": [],
                "firewall_policy_id": "",
                "frontend_ip_configuration_id": "/subscriptions/39438a80-f276-4b26-9c26-bd48ff8bc49c/resourceGroups/smlee-3tier/providers/Microsoft.Network/applicationGateways/smlee-web-appgw/frontendIPConfigurations/public-ip",
                "frontend_ip_configuration_name": "public-ip",
                "frontend_port_id": "/subscriptions/39438a80-f276-4b26-9c26-bd48ff8bc49c/resourceGroups/smlee-3tier/providers/Microsoft.Network/applicationGateways/smlee-web-appgw/frontendPorts/frontend-80",
                "frontend_port_name": "frontend-80",
                "host_name": "",
                "host_names": [],
                "id": "/subscriptions/39438a80-f276-4b26-9c26-bd48ff8bc49c/resourceGroups/smlee-3tier/providers/Microsoft.Network/applicationGateways/smlee-web-appgw/httpListeners/listener-80",
                "name": "listener-80",
                "protocol": "Http",
                "require_sni": false,
                "ssl_certificate_id": "",
                "ssl_certificate_name": "",
                "ssl_profile_id": "",
                "ssl_profile_name": ""
              },
              {
                "custom_error_configuration": [],
                "firewall_policy_id": "",
                "frontend_ip_configuration_id": "/subscriptions/39438a80-f276-4b26-9c26-bd48ff8bc49c/resourceGroups/smlee-3tier/providers/Microsoft.Network/applicationGateways/smlee-web-appgw/frontendIPConfigurations/public-ip",
                "frontend_ip_configuration_name": "public-ip",
                "frontend_port_id": "/subscriptions/39438a80-f276-4b26-9c26-bd48ff8bc49c/resourceGroups/smlee-3tier/providers/Microsoft.Network/applicationGateways/smlee-web-appgw/frontendPorts/frontend-443",
                "frontend_port_name": "frontend-443",
                "host_name": "",
                "host_names": [],
                "id": "/subscriptions/39438a80-f276-4b26-9c26-bd48ff8bc49c/resourceGroups/smlee-3tier/providers/Microsoft.Network/applicationGateways/smlee-web-appgw/httpListeners/listener-443",
                "name": "listener-443",
                "protocol": "Https",
                "require_sni": false,
                "ssl_certificate_id": "/subscriptions/39438a80-f276-4b26-9c26-bd48ff8bc49c/resourceGroups/smlee-3tier/providers/Microsoft.Network/applicationGateways/smlee-web-appgw/sslCertificates/cert",
                "ssl_certificate_name": "cert",
                "ssl_profile_id": "",
                "ssl_profile_name": ""
              }
            ],
            "id": "/subscriptions/39438a80-f276-4b26-9c26-bd48ff8bc49c/resourceGroups/smlee-3tier/providers/Microsoft.Network/applicationGateways/smlee-web-appgw",
            "identity": [],
            "location": "koreacentral",
            "name": "smlee-web-appgw",
            "private_endpoint_connection": [],
            "private_link_configuration": [],
            "probe": [
              {
                "host": "",
                "id": "/subscriptions/39438a80-f276-4b26-9c26-bd48ff8bc49c/resourceGroups/smlee-3tier/providers/Microsoft.Network/applicationGateways/smlee-web-appgw/probes/probe-443",
                "interval": 30,
                "match": [
                  {
                    "body": "",
                    "status_code": []
                  }
                ],
                "minimum_servers": 0,
                "name": "probe-443",
                "path": "/",
                "pick_host_name_from_backend_http_settings": true,
                "port": 0,
                "protocol": "Https",
                "timeout": 30,
                "unhealthy_threshold": 3
              }
            ],
            "redirect_configuration": [
              {
                "id": "/subscriptions/39438a80-f276-4b26-9c26-bd48ff8bc49c/resourceGroups/smlee-3tier/providers/Microsoft.Network/applicationGateways/smlee-web-appgw/redirectConfigurations/redirect",
                "include_path": true,
                "include_query_string": true,
                "name": "redirect",
                "redirect_type": "Permanent",
                "target_listener_id": "/subscriptions/39438a80-f276-4b26-9c26-bd48ff8bc49c/resourceGroups/smlee-3tier/providers/Microsoft.Network/applicationGateways/smlee-web-appgw/httpListeners/listener-443",
                "target_listener_name": "listener-443",
                "target_url": ""
              }
            ],
            "request_routing_rule": [
              {
                "backend_address_pool_id": "",
                "backend_address_pool_name": "",
                "backend_http_settings_id": "",
                "backend_http_settings_name": "",
                "http_listener_id": "/subscriptions/39438a80-f276-4b26-9c26-bd48ff8bc49c/resourceGroups/smlee-3tier/providers/Microsoft.Network/applicationGateways/smlee-web-appgw/httpListeners/listener-80",
                "http_listener_name": "listener-80",
                "id": "/subscriptions/39438a80-f276-4b26-9c26-bd48ff8bc49c/resourceGroups/smlee-3tier/providers/Microsoft.Network/applicationGateways/smlee-web-appgw/requestRoutingRules/rule-80",
                "name": "rule-80",
                "priority": 0,
                "redirect_configuration_id": "/subscriptions/39438a80-f276-4b26-9c26-bd48ff8bc49c/resourceGroups/smlee-3tier/providers/Microsoft.Network/applicationGateways/smlee-web-appgw/redirectConfigurations/redirect",
                "redirect_configuration_name": "redirect",
                "rewrite_rule_set_id": "",
                "rewrite_rule_set_name": "",
                "rule_type": "Basic",
                "url_path_map_id": "",
                "url_path_map_name": ""
              },
              {
                "backend_address_pool_id": "/subscriptions/39438a80-f276-4b26-9c26-bd48ff8bc49c/resourceGroups/smlee-3tier/providers/Microsoft.Network/applicationGateways/smlee-web-appgw/backendAddressPools/backend",
                "backend_address_pool_name": "backend",
                "backend_http_settings_id": "/subscriptions/39438a80-f276-4b26-9c26-bd48ff8bc49c/resourceGroups/smlee-3tier/providers/Microsoft.Network/applicationGateways/smlee-web-appgw/backendHttpSettingsCollection/settings-80",
                "backend_http_settings_name": "settings-80",
                "http_listener_id": "/subscriptions/39438a80-f276-4b26-9c26-bd48ff8bc49c/resourceGroups/smlee-3tier/providers/Microsoft.Network/applicationGateways/smlee-web-appgw/httpListeners/listener-443",
                "http_listener_name": "listener-443",
                "id": "/subscriptions/39438a80-f276-4b26-9c26-bd48ff8bc49c/resourceGroups/smlee-3tier/providers/Microsoft.Network/applicationGateways/smlee-web-appgw/requestRoutingRules/rule-443",
                "name": "rule-443",
                "priority": 0,
                "redirect_configuration_id": "",
                "redirect_configuration_name": "",
                "rewrite_rule_set_id": "",
                "rewrite_rule_set_name": "",
                "rule_type": "Basic",
                "url_path_map_id": "",
                "url_path_map_name": ""
              }
            ],
            "resource_group_name": "smlee-3tier",
            "rewrite_rule_set": [],
            "sku": [
              {
                "capacity": 0,
                "name": "Standard_v2",
                "tier": "Standard_v2"
              }
            ],
            "ssl_certificate": [
              {
                "data": "MIITuQIBAzCCE38GCSqGSIb3DQEHAaCCE3AEghNsMIITaDCCDh8GCSqGSIb3DQEHBqCCDhAwgg4MAgEAMIIOBQYJKoZIhvcNAQcBMBwGCiqGSIb3DQEMAQYwDgQIZPxVqzB/7VMCAggAgIIN2NFfX7BNs5rz8MHQtSsiLiPDzDJyheUn4I2gJtnWDXYfgMLr3n6Hb0HR+fxdYDPxZ+a+NYl3hg+6i3/uftW/RTdNH5G7W6t2juQp74vm0gg//SkI5ibXXJDdG5BRB8/E3590vrvVyycVSE9nBNrc5EiXWC2/rPOO0e47rIC+nwiQY0s21Oo0OTkHdMPgWQ9uqmANFo/TbscV5YnmVDeV8seaNIYC0W53q30mVT8s5NvQU8gcESYuQML15SyE/+JFRi4gIpW5JTiZ2nn2t4n84hX/W6NF9mwPTul70qXVAWgMfJQ0rwIdPo2pv486EuyrejEU6VZQ3Vs1qDu2fJ2T0ZMBurzB+HEIPoSPi0J8SPEhzjxHWqiN4SEXL5b3Uvd/nzr4FnGIOc0yMDyVBC5VAVfNWPsXb8f33WiSVhai7e2wMYZ2Q8GS9snrEW2RGl+xHh85/UHoRkV2bbg8ABNhO6/5rvZa4tiLmIyuW3vK/x5/SBXv/sKuC75rCaEonqoLQgtXF20i+mV4sqBzZJBuX6rKqJkW627yxS0fyZMMwyJb5Paq4pejDeGcV124y0pkqlLo4pn2yLpFGDVRGCgeBGYArabXNF3v3YFMAnMvfiB/BjFxINFJmtWqZhbGEtKe2pVjqKaRKooixyHXTo2owc5UHJmdO5ecops0kxZpwBvrmQD+xqUTQaTbbeapClHGGmJydLIFemjvEuTF4XlEteRZEAUsDVUrWBjhlrt58dpnc5tb+pGHZ5eez8G6mASNPMmeCwuiX+LYMf8QbM6H6C6S3C1gwMXGfMqPodNEghidOszGbLt4uX9Hq5Ezo9I76e0LZjpq/q+9FZPLql4SrNtYlkQgzvy2YizZ/MUnB6T4BJicuyF2S7psQhxDPKtj/0WP3kQbfmTszIXrvizpzKKx2jotw04ozBch7kjCKQJo4miLsHpcQiVbHfk2SshP+mmKoXvP87Y9kGPdTrbjMtzRDdEhROgYCvMg+SoHaipa/0dOpdZM58mL3ZbW3PoYx4cu4/FO3B3CCnGD5twhj1k7HKPecxhU+z2QedXnqbJM44Wu3pUpI7+uuM67Fi7sWw0qDNsw7BTScGiImileiOgz3tjsUpKe9+Wprvr4LFHziLe/m4Vrs1H9WWY5+2xufNQNjvk2QTfcCIa3045ETE7FL1Pc6u/tbXl+JMU082J7uPuBQ+N/YVfcG406ChILi0DuAIgL7A9oNICO2dUqaiLcDF6SeD4SOe3i6A5k84U6fg24P+decvtAliW+A1MU3ZH7Dyf0ZHbo1rWugFHHAfkhATA9OKF9fbsg6JTUx6lxRqO0n834uv9jeaQwyeAGblHK24U0xrK1Ywn6dy+6YE8RANKs5L6wP664toU2ZVrd7X9FfR5J8rPj/671T02nCY88WGqJTvCOE3p++YTNqog0FvTyakoMqHm2gourHkzlPaLu+ndjd7/1uvvhu/BdHzbMcIgO4JvJ8xoV1FW5OYW6oeRSlXk+yK5AvNfoprRjfpcWyNL5q8iCIZHaEfEutQoC22LbucxxPmUcJQqu27t40h9Eam4YSdIHdFqmcSGW+mTStIzP0hP4HkLkzrW4kvNvahVhYDFC3z7KzBFkJvi8EYeENRcRek0GgqlvFqyNBdxL8Szh6k3ZZoSJ526sfwaocfP1Gjof5HkbmZKxVuNYnqyDCXT5nvh8LUsZS4ETYxjxSyBPh8JThO6kunn++SMsE730MnckPkzWC9x2ik4E8KoM2t/UATF9DpX2UEywTJS3x9d4SQ4SJBcg055YV8NTu8CCD1FLjSqx1Caj6rwscTCbpGdcJJBcMCLn9bxyWxePSkeQlQejYuBqeatRcQxgIeaeQj9hLzSYHvKEBz1dABHnbs2moVfsYzFOixU9A4pss25QgIgl/P4QZiL9uZ7RmSVld7tSr4ZrYXRycoN3OCH2/4o5AhKmjxrTUTgHFQW1jTadxAeXEKdPHDlgRcICpS2WNI/NO6SlrZW3gsBB/Wmr4+4oEjVihA4skH/XIzM4jhZsIw66pZ5tQ+r/1bVvxphVHcCHlXPjJFmHYcj23eEaCgYy9QBQ5B343ho/svDhBzhm8scqmXaBlklYgcXpx0Aun0dB2a3dPoWJkJMdAnFQW7b4Lq+DhsqSatAr22+prAgux7O0sXgVO3jzNy0w25nWlNUaBA/CsXtxDpbFy7h6YzAtkyEz7vIXhexJmvtO51jP1y0/0J8F2xQ/XK4Q89DOm6D2YU1ARfYaMqp+Wvgm2u28XxzZ26s1NLSuVmPuOBdVsWNxpeHpmkXdXDahPwPzwgG0urryEsIgoNiacVcxqB1XF8W5bR7ZjW84JUWjmVs6DBf+BCNXMyfTQ1LOM3DI8Uq725QX7G6detVCyxWsWEWia9DaigjrK/r9wEG/CotywwX937eBVIv1U16oOXJG3hz6f1qpo+ELc3pB862mdCs2k9ku1AtHa9c0O5p6XpV7sIe7f5SyKS2COqNC13zDBRVLryixn9m8cjOaPs7w/4K8LTFb9v65zf7o6C0+HK+t8lQhGw6ejTh8ceQpH3iX1lx6rSkpKVaHpVZNBSli0pzDD3UBTfX1Qt4phr2dEYQp5KCC5m0QKqLdL+/YjPMnFxxild2Db4wRzPCHgZa29Wqll76uYOerN6qrHfL4wUXK0DNQcej5/gMOR0PzmdWd5ei24+ZiulH+nxByaO8vowDXCSAgKr9V+icRYFSE8oLNUADWwR2H34nW0dMn1mxSdbNzw5KMh+S/G2NtlDmf6hnqEqB+epuj9sFITeXP2w4cj+CagzaJyJMqQJg/Vz6y8BODmDBqIpNxRfrkLxr1SSziozYE6GT7wy2OY5jXzImahb6GrQyF2mnMEEXqN0GGuU8jZx6bojw9Rf0S5yC8LylVDpqYRldtn4GkwgOGIeDHGyFATI04iLKreJ63c60UsuK9Tcn0FCCEAYwXj1aIwTAF7BpQ/XSWXSrqwFSICdmxfbrSfd4tX0C0OURzIJVcbhjRN+xG08l6M4CK8GAHBzAd/CR6Pqby0CGCqDZLWns/+GvFGJOu41/4X/Hg2xtKfR0DX7MPTpJQ0OMsIOBeRuPZd/g+zS9KtJGG8CbDdRcLZaiIvEU73R7HIbHbpwOuJ1E2ZmWmPhf28C/YKuwnU1PiX0I7D9bpwZDq2dIsRSjtt8k+PJcjzrSvow1lQf38F+gXfuy6Wb8Dd5NOMyr4YsiTCMWM6dVXkth9rnk0Z8sZ7/OgsKSIa62QI+gexbQNrkg8qPaV104pXLuvVeQwaRHWpoZIlRPToRdrAY7gQKZ+AMIzIP+UjfRDf+hQCMo7irEy5KxaOrRru5xUBsLpg1OahTjBGvCHguf8L7+KGOqRMeaRfYFkDWmicXcrMDkNg6gIraJhh69y5Uxrp7fOHGsF52Y/0HW8ogpUXUTVkzmgaIX4dCwo5l5BBZDFAkkeYwAyzTVf/+Ka8V8v5IgEDm7luwQTkeWr8qKQYQsi7zyNse1fd/rayYPzm1nuVKY4mV/WsFOfOzOH4P8ckEsaud02ITz85YGs/ESDDI0+BRwVaD0LP0hAswHGyWIyGd0Um7pf474ossI3Y9kJoQrllO3vPaNOib4WV/QIGBtUERhfy5vh4hw7a2XFM9k7IL3WwDi0gDxfOVsqjB3v1LQnEdP7LFUxJG9DBFaW7+2Q5esj3L1VYTqqgKJCFQf1Tgl1GSY/FWPiSMscs/Qp+ckOHMuro1NDk7qmTQSnXs8A/dBTN/G4ADeHmteyRZT8gJDMuomWAaootVNSTo2HqkEhJH/oQH8aHECsEcv19lF7+P7TuR/twnxtL+B1BFAy3XF4grWjgTWPARhVfnyYhvIG6mpFwQrqqzQqUbPRiFyjoOR2mkcqrQVoDluubmPdbDLWmQXbyGAK0NQNBGAQjx+PEaNDVToaAcPlOIexJwy8aKuKU9r0tKxLxXcfMdy8juJnOqIocnGiEcF8ge3TcQw6PROSvhZFKBlYUW56mgjZL8n8NFRWC/pyRtuhTgudogJM7Pj+kZ96KiVM/tt9ejRSORQXZy4goMyVNSTlloPclHb0kLCE5awQnC60mKtn7x9VCaxddzJQwQlsBR3c//ajppTA22TzsjQ3CPSO7dIbiFwOR3VWuvtFKKg5GgFywywbr4BWO15QfONjAzAHX7ttVRVoCnH2XMWiNNVzZxgbhxyQvTSwnWhAwdmcMMl4M2IgP+BcP9C+7L3/pd3CWpHs4ZD0fqpCOuPVH8UIICMwiqrCKbZ/GcrD3PJjUu5WGaa8M6OvgoEjd7yHdz6fUI6dicPqkCWnauvoddwHVcJQBikbuNBKNd5pnRRs+H974hZAtVAnfBDd/AZHWxWJWgsOsoufwE56bnrb06TSHrI7o2Cxcg4vDX2A/aMXIF6Ut5uxswDzlZXFSZwLi45s4cZYOVxw9X3bLkw6ZIXZ9v+P/YhMf1GJPugt6+dLBxFQN7kscnXW79cRWy9FksF4jyBYykG+bsLuJ8jPkT4NZFmfPHz2Eg4H+rAW6buee8dOer92VXNEK/taFdVumoM545xDA00FTG7/vcbYuZ7Shv6WeIofjOLlG/zd0658rIT06vOnQCoOImcwW5Bqata3ikuDZtTK7sRYfuXXmlpc5SxhqY8miEO5kfN0SK6+nf4sE7ap1GlxPycDxOCP8na42pVl8EapCmcXEwE0g6aq8Q2tANDUtnwwggVBBgkqhkiG9w0BBwGgggUyBIIFLjCCBSowggUmBgsqhkiG9w0BDAoBAqCCBO4wggTqMBwGCiqGSIb3DQEMAQMwDgQINsLxOaHGOuQCAggABIIEyAcKDbKoiWNXjdGdETbPw7mIO8NfT05LL8OKQ0Vpi2sRyAMwkrgRxN/GOJKUH7DzRGc3EioxR76kKzyOxY2cSKFcW0htQudnmVU2E3qNYfD6DArTsNQuVl/b9XYs3EVK0y9YhwNhR8VhDpWrbBWrTD2BfOfxUtdUBKpvag0Dur5p4fXaNL6Ikw6skrU1XUe3g8F2/SpKN+G9nmoVXjIfHt5npltXR2bMyWmpwlkMIVUOyuSDEtJDJ/soUWOBVyZ+d1sUVLv1rfUypYSoQQdBuvIw80vCZyVONRf0i8PUpYLn5ZsR/iWVuhvgkBI/PPrFGdsUSR07NhjACynQ8WSQK61xiixFGNDRgZ8vpxGzECCkW7GS0QdkEqCCN/YvWqInJZknhFm7TGmVKmXXBp2FPk4oYTlOVGlMCYbeTxp4bJ5ZZ1h+xBXsSin8mxKUcA2++v7j9RZg3HorV6YfZcEa9W+9VIRgdrkwQYzwaZ5cmACCFUUfDQf/vxDVijMqO/XRvwW0Byc6gVkg47BD4pXPk5qSja1jbndO3kw+YDix/j+3OqcfNti9EBxxMfJVqi7Wz7V0nC3xYtEkTAQsFWiXMrlCFHtnKd8bd4+oumOtP4+WP7eKbjF+VsYewcSGBxFasH3t+9bWv+U7ncI5T9W+VPBCSMDdPQ1R2oLxJw+KwyWAe8UzR01k90I78NjANZXZATmn8bHlpbnztxTGrzyAG31yH8H6LHZw6SzrLAXzo5xWkI2fTfaxOUNw0QGdp8QIzE/V/MCWC+lpzUk/WKjJoYrY+30CJjPfpXyUo30NPewCuiPwVbpdcOZh9zi5pjmYY9KCZ83Cl0aDPGZA1CURCwa6aPYZAHiT9BMuSPf7it0dvwmNNhG+khPVQiBZisCoXqoPVx51xUOh+wMLXaGfCfiMvUYZB6/gKx+7ctTpI2l1/MhedUGtQvhOMSVP7vJ3adjHrB8hHawlSd6q7VILlf7SOO2uYDRDPE8w95o6XqBBSZ5cq/Ya7LMpmgzN55sbzkb1Vp/wwpwr3VWxx7GeimQX3T5x3da1VjDe4HzuegzUAaux0KWIaf5vtfloKKrz49qGYgMNmxb9xYC2e7rmekmmUpxKUtweAUm9KXDn5PRrNDruGxfIU7c0Q5+s/apjL5iA4UW2Oa605xtA0SjmV7sYqLXGLJjwm1TA/IIbrzlOkDeaVX9BmvEW3cIPn/mBvGiz0eSIfZK9ygdBMkM5AiCBTsgoit0/bIuV9ROIKxmeXwTxDCJl65AtfqL2fbhXNv6QyvDZI8QwGTW5BcT3N4iA0RvGZ9EpAElF5gJRo8XC7H8Sa5e/P689rrfHSRSO0B4gP91PeJb/PWk+hYv5yOEHT/0LIWssw7gJokxYXbVMPqpN1DoqEXPwgxBfZVtP++mfBs9DmTr/SfqnyZYKRd8mqLB7KL2MyDczTrSa9cPACAD1IepKmuAA0rkJR0eTeCCc6Yf9/+afyX2SywNozZE32lTUT5Fbf/pdx344cQieOHh3igAAzgfaVLJXkb/ZuGKiSb8pj5KkvesxwOj8fsDPCHfLEZr7OSY6SwSHUyRbOYlUNwAeJ7nyp/Fyic/qiaA9f0jMYZbazHRpWieeXTzOjdaQK+3rxjElMCMGCSqGSIb3DQEJFTEWBBRRUvippBjf3DvwLpDoc6UDbkVQTzAxMCEwCQYFKw4DAhoFAAQUMtghCJan04SYGqLJzfHi299VK4wECF2aXADQwVcyAgIIAA==",
                "id": "/subscriptions/39438a80-f276-4b26-9c26-bd48ff8bc49c/resourceGroups/smlee-3tier/providers/Microsoft.Network/applicationGateways/smlee-web-appgw/sslCertificates/cert",
                "key_vault_secret_id": "",
                "name": "cert",
                "password": "1234",
                "public_cert_data": "MIINeAYJKoZIhvcNAQcCoIINaTCCDWUCAQExADALBgkqhkiG9w0BBwGggg1NMIIGcDCCBFigAwIBAgIQOleh5GuAFHnVJASEklJF/zANBgkqhkiG9w0BAQwFADBLMQswCQYDVQQGEwJBVDEQMA4GA1UEChMHWmVyb1NTTDEqMCgGA1UEAxMhWmVyb1NTTCBSU0EgRG9tYWluIFNlY3VyZSBTaXRlIENBMB4XDTIxMTIyMjAwMDAwMFoXDTIyMDMyMjIzNTk1OVowHDEaMBgGA1UEAxMRbGFiLmF6dXJlMXRlYW0uY2YwggEiMA0GCSqGSIb3DQEBAQUAA4IBDwAwggEKAoIBAQCUZFpazaT8EwJDAjtvgR6Aty0n2B2Say3DT2extgCXn7IO3gACZbHL6BOFZeHUM7ZfTY688tzG7WVd3VravCG3LqRadoGwDO1NVWr8lD/lJefnPXdXyp2p1ji+DRpuawKDkwqskwD/xmic3UallP/gdKNCJjvt+z7KRK+TlaRqYHFpPghkE43PWvTKOXQteduD5FD7SUhC9JIKnvUVUanA1ljcDD+KHzDjPeQ+vBp7YuycCtffnPvEHupCWgADoRAgVVOHqt1+OsuxRwLFqBSiTcHYwL91j40FwZYxNR/7nV2lV9lfhjD2JZwF4wUFB7f9tIIl6zdthpuKiGFl/j5zAgMBAAGjggJ9MIICeTAfBgNVHSMEGDAWgBTI2XhootkZaNU9ct5fCj7ctYaGpjAdBgNVHQ4EFgQUPjyzFkKWY7Y9vXV7fWq28JsnVz8wDgYDVR0PAQH/BAQDAgWgMAwGA1UdEwEB/wQCMAAwHQYDVR0lBBYwFAYIKwYBBQUHAwEGCCsGAQUFBwMCMEkGA1UdIARCMEAwNAYLKwYBBAGyMQECAk4wJTAjBggrBgEFBQcCARYXaHR0cHM6Ly9zZWN0aWdvLmNvbS9DUFMwCAYGZ4EMAQIBMIGIBggrBgEFBQcBAQR8MHowSwYIKwYBBQUHMAKGP2h0dHA6Ly96ZXJvc3NsLmNydC5zZWN0aWdvLmNvbS9aZXJvU1NMUlNBRG9tYWluU2VjdXJlU2l0ZUNBLmNydDArBggrBgEFBQcwAYYfaHR0cDovL3plcm9zc2wub2NzcC5zZWN0aWdvLmNvbTCCAQQGCisGAQQB1nkCBAIEgfUEgfIA8AB1AEalVet1+pEgMLWiiWn0830RLEF0vv1JuIWr8vxw/m1HAAABfeA/QzYAAAQDAEYwRAIgaHFzcaestDc3CJPTfOE+IF+4cmdHCd2P/i0Lb8bPfmQCIF4/+usPdTP/79895vZkU43ctOrYtqrarSlOpE/lw3t7AHcAQcjKsd8iRkoQxqE6CUKHXk4xixsD6+tLx2jwkGKWBvYAAAF94D9DRgAABAMASDBGAiEAvIb5rL/2UJ9G1gqDvHhRgljg0dui+cgrkO7EUUjQg7ICIQCYk4yAimP+p5gijhuD6AAfK9dyAVs3qmV+Rkg3xupxjDAcBgNVHREEFTATghFsYWIuYXp1cmUxdGVhbS5jZjANBgkqhkiG9w0BAQwFAAOCAgEAWetJ26ZZwNlwpzft1i6aJumMPGp9t+2vNnLFvjdL7SsKpmrRogInSi2DJBpIA7bhOnAg3lfjvD/cLgiwP0dnF45iUkHceqcfVllMGC3rwTiWfAyXxwpAPPtwNdwlWAx+pZt/KfSyMYUOSx6IBg7wqTzfkVM73FQ9gJjHuX10yLt3l6xpchi6QeyxmWUKOdcvauugykwlbBdFqfuYUQK5PIj058FKaqoPNieujtzgZ2dwy7dZYLjOwQN9HWbw1yZDYa8CUAEhEoLEWHmWHa/3uTFJAvJVlW5ylOubhnlEN5nrD3c9JI3SOvdUmUcuEIf89vAgHXJSg9TjoGRJOt4LHEYkwKioVwjB7Z060z3oLBRSq9ATEqdcXakhKgPhYt31Q2vudq9Tobtuha1kACZhYfXmMUzFnWPw6hiSuy8bbYEB3MCwrcxFG3I9Lp6br2EulJ7lE54urEovLHH+IRfdO6P/H/rSPY5owfkuIZnoK0I60MXcYO+fu7oW+sxT9bhS4wS4gXwlhB6do2NaOY2NRwvZ1T2dwyRzfCR4fnZnF/ryaNu2aLEau0OXUb+Ez5o3dS/ZIKFDzWflzqjD70qZ2bA6M7peOQ3N5DD4+OYoJilNEarGJ8C51lLWqiatkxg3uZjclfFcgWmB87allxg5i5heQ3gQ4n4OufbfH/8/ZdkwggbVMIIEvaADAgECAhBsVavb0AeSx50HDNgRnta/MA0GCSqGSIb3DQEBDAUAMIGIMQswCQYDVQQGEwJVUzETMBEGA1UECBMKTmV3IEplcnNleTEUMBIGA1UEBxMLSmVyc2V5IENpdHkxHjAcBgNVBAoTFVRoZSBVU0VSVFJVU1QgTmV0d29yazEuMCwGA1UEAxMlVVNFUlRydXN0IFJTQSBDZXJ0aWZpY2F0aW9uIEF1dGhvcml0eTAeFw0yMDAxMzAwMDAwMDBaFw0zMDAxMjkyMzU5NTlaMEsxCzAJBgNVBAYTAkFUMRAwDgYDVQQKEwdaZXJvU1NMMSowKAYDVQQDEyFaZXJvU1NMIFJTQSBEb21haW4gU2VjdXJlIFNpdGUgQ0EwggIiMA0GCSqGSIb3DQEBAQUAA4ICDwAwggIKAoICAQCGaXN+o7Ux2CPhbd2kE9NUFfUC69wDIbV+XR1SfD8x654JbNFZOF5nfktWj3WQsjcMNVpkpb5MECwkGMRtiYzBxZJNZgKDnffhIXT5y0MCwXGxf6tMOH2RKsb/iano5KG5stoQhQmJmji3zvdO5J3RaPkNa3cO2kAbxPfmX+/7Gs3y5vw9JKhflWSDD6NZ/gpC029QUsOryYVaFSc8vqMcAANem+ziVM1jA63H3JC1unHBK3tAljX4gKuZEkHoG4pG3+N8MkX0mxxFBWUcjFB0oAmXuhpWdeAOSq2Tap113eQINd3viC/zXcb3XPsKOwbIn3egkiU1LdSAVsPpXngkyBnetKai1hvP3yhnFfswpu0KbVon+r6FO/ZgrXIzGud9yJ4qY5gFsUOGdbk7pEwDvTd0Er3aPpdE3YS20uRC66NmDL6NdEq1pYwiWQ2RYmY6IeYStCeAe+2I2QhyMm6arV10VfiJpMjjRrrOC8gG3EV4OzZF9xofvd6vty01RSqBBPmsWAmEyYXHvqtCAHk5lSSh1vmTZ7Hs/4a7gnzptLXnT3hS5hxXT2FV6SeZOHkTH0IEqKktLZbbAoFqR/5pVic0JTpLScBKq3bGtmkYLW/u/oOG56nLIm2fepJXY+gGJTlKqX5oBGnBSJtAwabjiCPI0OoOVWn5KEtCVQf3HwIDAQABo4IBdTCCAXEwHwYDVR0jBBgwFoAUU3m/WqorSs9UgOHYm8Cd8rIDZsswHQYDVR0OBBYEFMjZeGii2Rlo1T1y3l8KPty1hoamMA4GA1UdDwEB/wQEAwIBhjASBgNVHRMBAf8ECDAGAQH/AgEAMB0GA1UdJQQWMBQGCCsGAQUFBwMBBggrBgEFBQcDAjAiBgNVHSAEGzAZMA0GCysGAQQBsjEBAgJOMAgGBmeBDAECATBQBgNVHR8ESTBHMEWgQ6BBhj9odHRwOi8vY3JsLnVzZXJ0cnVzdC5jb20vVVNFUlRydXN0UlNBQ2VydGlmaWNhdGlvbkF1dGhvcml0eS5jcmwwdgYIKwYBBQUHAQEEajBoMD8GCCsGAQUFBzAChjNodHRwOi8vY3J0LnVzZXJ0cnVzdC5jb20vVVNFUlRydXN0UlNBQWRkVHJ1c3RDQS5jcnQwJQYIKwYBBQUHMAGGGWh0dHA6Ly9vY3NwLnVzZXJ0cnVzdC5jb20wDQYJKoZIhvcNAQEMBQADggIBABUPCgjNANV6txPR5ipmME0nxU1bBUWVA61kRGqfmJacRVotll3PGVu/PYXHQTFQ25QSBiQhUzhihwqQJDuE7meiJyir8OsRgfki41y5bUjwkln0Mu4HV9i8geVnYkbjqI1tUoDfKAATPzpG8NCW3YLj3iqo9Ui1GOvP1iUkQZPQOu23ICmrRgsUPN/5nWmQyGHtz7t9d4mqYiF8ml24pzwcRCRhBBKF6fjbpLcfQmsgBspwEKLJgW46F/K+7BUIUN8W+uMAON3iNfW5Bd3XrUjIVFubz2zY6PmhTXANjPmzH6GgK6HqVKz7+4+5aiYirfLUYMU1p9b4uwcFTXqVCjlDbKHbmVpCwpGDI+Yykcn3x52brLawdRpsBKZEfG8aK7DATbloNTTZIB56nIiYnYLMHzRgbtbGXKceo2GkTvF8Ls/NCUuCZ8Qd1T60cV5BrNFCesWRbZaSpEYirtwpGfLKm+M8ySN6JX2VF0Az19Im+wHey9S67VyggbXHEjXJ6CgYzivlA/hEYhW9hqIjvoLR2OhJtD92QhRRdC4HwAvmPIffiDcFlppfK+madXiKWmkxdUCcBgY43nVaEnpbTE100nDNgBJlgf62YJYj43rQa/Y00wYfAxnt71teDNQJkfkVoEUMZHlL1VaocHvdD47IhW8hsphxJzbD9pK4UoZIMQA="
              }
            ],
            "ssl_policy": [
              {
                "cipher_suites": [],
                "disabled_protocols": [],
                "min_protocol_version": "",
                "policy_name": "AppGwSslPolicy20150501",
                "policy_type": "Predefined"
              }
            ],
            "ssl_profile": [],
            "tags": {},
            "timeouts": null,
            "trusted_client_certificate": [],
            "trusted_root_certificate": [],
            "url_path_map": [],
            "waf_configuration": [],
            "zones": [
              "1",
              "2",
              "3"
            ]
          },
          "sensitive_attributes": [],
          "private": "eyJlMmJmYjczMC1lY2FhLTExZTYtOGY4OC0zNDM2M2JjN2M0YzAiOnsiY3JlYXRlIjo1NDAwMDAwMDAwMDAwLCJkZWxldGUiOjU0MDAwMDAwMDAwMDAsInJlYWQiOjMwMDAwMDAwMDAwMCwidXBkYXRlIjo1NDAwMDAwMDAwMDAwfX0=",
          "dependencies": [
            "azurerm_public_ip.appgw_pubip",
            "azurerm_resource_group.rg",
            "azurerm_subnet.appgw_subnet",
            "azurerm_virtual_network.vnet"
          ]
        }
      ]
    },
    {
      "mode": "managed",
      "type": "azurerm_lb",
      "name": "smlee_lb",
      "provider": "provider[\"registry.terraform.io/hashicorp/azurerm\"]",
      "instances": [
        {
          "schema_version": 0,
          "attributes": {
            "frontend_ip_configuration": [
              {
                "availability_zone": "Zone-Redundant",
                "gateway_load_balancer_frontend_ip_configuration_id": "",
                "id": "/subscriptions/39438a80-f276-4b26-9c26-bd48ff8bc49c/resourceGroups/smlee-3tier/providers/Microsoft.Network/loadBalancers/smlee-lb/frontendIPConfigurations/wasPrivateIP",
                "inbound_nat_rules": [],
                "load_balancer_rules": [
                  "/subscriptions/39438a80-f276-4b26-9c26-bd48ff8bc49c/resourceGroups/smlee-3tier/providers/Microsoft.Network/loadBalancers/smlee-lb/loadBalancingRules/AJP"
                ],
                "name": "wasPrivateIP",
                "outbound_rules": [],
                "private_ip_address": "10.0.2.5",
                "private_ip_address_allocation": "Static",
                "private_ip_address_version": "IPv4",
                "public_ip_address_id": "",
                "public_ip_prefix_id": "",
                "subnet_id": "/subscriptions/39438a80-f276-4b26-9c26-bd48ff8bc49c/resourceGroups/smlee-3tier/providers/Microsoft.Network/virtualNetworks/smlee-vnet/subnets/smlee-lb-subnet",
                "zones": []
              }
            ],
            "id": "/subscriptions/39438a80-f276-4b26-9c26-bd48ff8bc49c/resourceGroups/smlee-3tier/providers/Microsoft.Network/loadBalancers/smlee-lb",
            "location": "koreacentral",
            "name": "smlee-lb",
            "private_ip_address": "10.0.2.5",
            "private_ip_addresses": [
              "10.0.2.5"
            ],
            "resource_group_name": "smlee-3tier",
            "sku": "Standard",
            "sku_tier": "Regional",
            "tags": {},
            "timeouts": null
          },
          "sensitive_attributes": [],
          "private": "eyJlMmJmYjczMC1lY2FhLTExZTYtOGY4OC0zNDM2M2JjN2M0YzAiOnsiY3JlYXRlIjoxODAwMDAwMDAwMDAwLCJkZWxldGUiOjE4MDAwMDAwMDAwMDAsInJlYWQiOjMwMDAwMDAwMDAwMCwidXBkYXRlIjoxODAwMDAwMDAwMDAwfX0=",
          "dependencies": [
            "azurerm_resource_group.rg",
            "azurerm_subnet.lb_subnet",
            "azurerm_virtual_network.vnet"
          ]
        }
      ]
    },
    {
      "mode": "managed",
      "type": "azurerm_lb_backend_address_pool",
      "name": "lb_bp",
      "provider": "provider[\"registry.terraform.io/hashicorp/azurerm\"]",
      "instances": [
        {
          "schema_version": 0,
          "attributes": {
            "backend_address": [],
            "backend_ip_configurations": [
              "/subscriptions/39438a80-f276-4b26-9c26-bd48ff8bc49c/resourceGroups/smlee-3tier/providers/Microsoft.Compute/virtualMachineScaleSets/smlee-was-vmss/virtualMachines/1/networkInterfaces/terraformnetworkprofile/ipConfigurations/IPConfiguration",
              "/subscriptions/39438a80-f276-4b26-9c26-bd48ff8bc49c/resourceGroups/smlee-3tier/providers/Microsoft.Compute/virtualMachineScaleSets/smlee-was-vmss/virtualMachines/2/networkInterfaces/terraformnetworkprofile/ipConfigurations/IPConfiguration",
              "/subscriptions/39438a80-f276-4b26-9c26-bd48ff8bc49c/resourceGroups/smlee-3tier/providers/Microsoft.Compute/virtualMachineScaleSets/smlee-was-vmss/virtualMachines/3/networkInterfaces/terraformnetworkprofile/ipConfigurations/IPConfiguration",
              "/subscriptions/39438a80-f276-4b26-9c26-bd48ff8bc49c/resourceGroups/smlee-3tier/providers/Microsoft.Compute/virtualMachineScaleSets/smlee-was-vmss/virtualMachines/4/networkInterfaces/terraformnetworkprofile/ipConfigurations/IPConfiguration",
              "/subscriptions/39438a80-f276-4b26-9c26-bd48ff8bc49c/resourceGroups/smlee-3tier/providers/Microsoft.Compute/virtualMachineScaleSets/smlee-was-vmss/virtualMachines/5/networkInterfaces/terraformnetworkprofile/ipConfigurations/IPConfiguration",
              "/subscriptions/39438a80-f276-4b26-9c26-bd48ff8bc49c/resourceGroups/smlee-3tier/providers/Microsoft.Compute/virtualMachineScaleSets/smlee-was-vmss/virtualMachines/6/networkInterfaces/terraformnetworkprofile/ipConfigurations/IPConfiguration",
              "/subscriptions/39438a80-f276-4b26-9c26-bd48ff8bc49c/resourceGroups/smlee-3tier/providers/Microsoft.Compute/virtualMachineScaleSets/smlee-was-vmss/virtualMachines/7/networkInterfaces/terraformnetworkprofile/ipConfigurations/IPConfiguration",
              "/subscriptions/39438a80-f276-4b26-9c26-bd48ff8bc49c/resourceGroups/smlee-3tier/providers/Microsoft.Compute/virtualMachineScaleSets/smlee-was-vmss/virtualMachines/10/networkInterfaces/terraformnetworkprofile/ipConfigurations/IPConfiguration",
              "/subscriptions/39438a80-f276-4b26-9c26-bd48ff8bc49c/resourceGroups/smlee-3tier/providers/Microsoft.Compute/virtualMachineScaleSets/smlee-was-vmss/virtualMachines/8/networkInterfaces/terraformnetworkprofile/ipConfigurations/IPConfiguration",
              "/subscriptions/39438a80-f276-4b26-9c26-bd48ff8bc49c/resourceGroups/smlee-3tier/providers/Microsoft.Compute/virtualMachineScaleSets/smlee-was-vmss/virtualMachines/9/networkInterfaces/terraformnetworkprofile/ipConfigurations/IPConfiguration"
            ],
            "id": "/subscriptions/39438a80-f276-4b26-9c26-bd48ff8bc49c/resourceGroups/smlee-3tier/providers/Microsoft.Network/loadBalancers/smlee-lb/backendAddressPools/smlee-lb-bp",
            "load_balancing_rules": [
              "/subscriptions/39438a80-f276-4b26-9c26-bd48ff8bc49c/resourceGroups/smlee-3tier/providers/Microsoft.Network/loadBalancers/smlee-lb/loadBalancingRules/AJP"
            ],
            "loadbalancer_id": "/subscriptions/39438a80-f276-4b26-9c26-bd48ff8bc49c/resourceGroups/smlee-3tier/providers/Microsoft.Network/loadBalancers/smlee-lb",
            "name": "smlee-lb-bp",
            "outbound_rules": [],
            "resource_group_name": "smlee-3tier",
            "timeouts": null,
            "tunnel_interface": []
          },
          "sensitive_attributes": [],
          "private": "eyJlMmJmYjczMC1lY2FhLTExZTYtOGY4OC0zNDM2M2JjN2M0YzAiOnsiY3JlYXRlIjoxODAwMDAwMDAwMDAwLCJkZWxldGUiOjE4MDAwMDAwMDAwMDAsInJlYWQiOjMwMDAwMDAwMDAwMCwidXBkYXRlIjoxODAwMDAwMDAwMDAwfX0=",
          "dependencies": [
            "azurerm_lb.smlee_lb",
            "azurerm_resource_group.rg",
            "azurerm_subnet.lb_subnet",
            "azurerm_virtual_network.vnet"
          ]
        }
      ]
    },
    {
      "mode": "managed",
      "type": "azurerm_lb_probe",
      "name": "lb_probe",
      "provider": "provider[\"registry.terraform.io/hashicorp/azurerm\"]",
      "instances": [
        {
          "schema_version": 0,
          "attributes": {
            "id": "/subscriptions/39438a80-f276-4b26-9c26-bd48ff8bc49c/resourceGroups/smlee-3tier/providers/Microsoft.Network/loadBalancers/smlee-lb/probes/smlee-lb-probe",
            "interval_in_seconds": 15,
            "load_balancer_rules": [
              "/subscriptions/39438a80-f276-4b26-9c26-bd48ff8bc49c/resourceGroups/smlee-3tier/providers/Microsoft.Network/loadBalancers/smlee-lb/loadBalancingRules/AJP"
            ],
            "loadbalancer_id": "/subscriptions/39438a80-f276-4b26-9c26-bd48ff8bc49c/resourceGroups/smlee-3tier/providers/Microsoft.Network/loadBalancers/smlee-lb",
            "name": "smlee-lb-probe",
            "number_of_probes": 2,
            "port": 8009,
            "protocol": "Tcp",
            "request_path": "",
            "resource_group_name": "smlee-3tier",
            "timeouts": null
          },
          "sensitive_attributes": [],
          "private": "eyJlMmJmYjczMC1lY2FhLTExZTYtOGY4OC0zNDM2M2JjN2M0YzAiOnsiY3JlYXRlIjoxODAwMDAwMDAwMDAwLCJkZWxldGUiOjE4MDAwMDAwMDAwMDAsInJlYWQiOjMwMDAwMDAwMDAwMCwidXBkYXRlIjoxODAwMDAwMDAwMDAwfX0=",
          "dependencies": [
            "azurerm_lb.smlee_lb",
            "azurerm_resource_group.rg",
            "azurerm_subnet.lb_subnet",
            "azurerm_virtual_network.vnet"
          ]
        }
      ]
    },
    {
      "mode": "managed",
      "type": "azurerm_lb_rule",
      "name": "ityun_lb_rule",
      "provider": "provider[\"registry.terraform.io/hashicorp/azurerm\"]",
      "instances": [
        {
          "schema_version": 0,
          "attributes": {
            "backend_address_pool_id": "/subscriptions/39438a80-f276-4b26-9c26-bd48ff8bc49c/resourceGroups/smlee-3tier/providers/Microsoft.Network/loadBalancers/smlee-lb/backendAddressPools/smlee-lb-bp",
            "backend_address_pool_ids": [
              "/subscriptions/39438a80-f276-4b26-9c26-bd48ff8bc49c/resourceGroups/smlee-3tier/providers/Microsoft.Network/loadBalancers/smlee-lb/backendAddressPools/smlee-lb-bp"
            ],
            "backend_port": 8009,
            "disable_outbound_snat": true,
            "enable_floating_ip": false,
            "enable_tcp_reset": false,
            "frontend_ip_configuration_id": "/subscriptions/39438a80-f276-4b26-9c26-bd48ff8bc49c/resourceGroups/smlee-3tier/providers/Microsoft.Network/loadBalancers/smlee-lb/frontendIPConfigurations/wasPrivateIP",
            "frontend_ip_configuration_name": "wasPrivateIP",
            "frontend_port": 8009,
            "id": "/subscriptions/39438a80-f276-4b26-9c26-bd48ff8bc49c/resourceGroups/smlee-3tier/providers/Microsoft.Network/loadBalancers/smlee-lb/loadBalancingRules/AJP",
            "idle_timeout_in_minutes": 4,
            "load_distribution": "Default",
            "loadbalancer_id": "/subscriptions/39438a80-f276-4b26-9c26-bd48ff8bc49c/resourceGroups/smlee-3tier/providers/Microsoft.Network/loadBalancers/smlee-lb",
            "name": "AJP",
            "probe_id": "/subscriptions/39438a80-f276-4b26-9c26-bd48ff8bc49c/resourceGroups/smlee-3tier/providers/Microsoft.Network/loadBalancers/smlee-lb/probes/smlee-lb-probe",
            "protocol": "Tcp",
            "resource_group_name": "smlee-3tier",
            "timeouts": null
          },
          "sensitive_attributes": [],
          "private": "eyJlMmJmYjczMC1lY2FhLTExZTYtOGY4OC0zNDM2M2JjN2M0YzAiOnsiY3JlYXRlIjoxODAwMDAwMDAwMDAwLCJkZWxldGUiOjE4MDAwMDAwMDAwMDAsInJlYWQiOjMwMDAwMDAwMDAwMCwidXBkYXRlIjoxODAwMDAwMDAwMDAwfX0=",
          "dependencies": [
            "azurerm_lb_backend_address_pool.lb_bp",
            "azurerm_lb_probe.lb_probe",
            "azurerm_resource_group.rg",
            "azurerm_subnet.lb_subnet",
            "azurerm_virtual_network.vnet",
            "azurerm_lb.smlee_lb"
          ]
        }
      ]
    },
    {
      "mode": "managed",
      "type": "azurerm_linux_virtual_machine",
      "name": "jumpbox",
      "provider": "provider[\"registry.terraform.io/hashicorp/azurerm\"]",
      "instances": [
        {
          "schema_version": 0,
          "attributes": {
            "additional_capabilities": [],
            "admin_password": "#Rlflqhdl21",
            "admin_ssh_key": [],
            "admin_username": "sangmin",
            "allow_extension_operations": true,
            "availability_set_id": "",
            "boot_diagnostics": [],
            "computer_name": "smlee-jumpbox",
            "custom_data": null,
            "dedicated_host_id": "",
            "disable_password_authentication": false,
            "encryption_at_host_enabled": false,
            "eviction_policy": "",
            "extensions_time_budget": "PT1H30M",
            "id": "/subscriptions/39438a80-f276-4b26-9c26-bd48ff8bc49c/resourceGroups/smlee-3tier/providers/Microsoft.Compute/virtualMachines/smlee-jumpbox",
            "identity": [],
            "license_type": "",
            "location": "koreacentral",
            "max_bid_price": -1,
            "name": "smlee-jumpbox",
            "network_interface_ids": [
              "/subscriptions/39438a80-f276-4b26-9c26-bd48ff8bc49c/resourceGroups/smlee-3tier/providers/Microsoft.Network/networkInterfaces/smlee-jumpbox-nic"
            ],
            "os_disk": [
              {
                "caching": "ReadWrite",
                "diff_disk_settings": [],
                "disk_encryption_set_id": "",
                "disk_size_gb": 30,
                "name": "smlee-jumpbox_OsDisk_1_0e92f36f977b4cd9a7b3a4f54467825d",
                "storage_account_type": "Standard_LRS",
                "write_accelerator_enabled": false
              }
            ],
            "patch_mode": "ImageDefault",
            "plan": [],
            "platform_fault_domain": -1,
            "priority": "Regular",
            "private_ip_address": "10.0.4.4",
            "private_ip_addresses": [
              "10.0.4.4"
            ],
            "provision_vm_agent": true,
            "proximity_placement_group_id": "",
            "public_ip_address": "20.200.243.3",
            "public_ip_addresses": [
              "20.200.243.3"
            ],
            "resource_group_name": "smlee-3tier",
            "secret": [],
            "secure_boot_enabled": false,
            "size": "Standard_B2s",
            "source_image_id": "",
            "source_image_reference": [
              {
                "offer": "CentOS",
                "publisher": "OpenLogic",
                "sku": "7.5",
                "version": "latest"
              }
            ],
            "tags": {},
            "timeouts": null,
            "virtual_machine_id": "fd6833c4-f0fd-40f1-bfe8-e8054552d3f0",
            "virtual_machine_scale_set_id": "",
            "vtpm_enabled": false,
            "zone": ""
          },
          "sensitive_attributes": [],
          "private": "eyJlMmJmYjczMC1lY2FhLTExZTYtOGY4OC0zNDM2M2JjN2M0YzAiOnsiY3JlYXRlIjoyNzAwMDAwMDAwMDAwLCJkZWxldGUiOjI3MDAwMDAwMDAwMDAsInJlYWQiOjMwMDAwMDAwMDAwMCwidXBkYXRlIjoyNzAwMDAwMDAwMDAwfX0=",
          "dependencies": [
            "azurerm_resource_group.rg",
            "azurerm_subnet.jumpbox_subnet",
            "azurerm_virtual_network.vnet",
            "azurerm_network_interface.jumpbox_nic",
            "azurerm_public_ip.jumpbox_pubip"
          ]
        }
      ]
    },
    {
      "mode": "managed",
      "type": "azurerm_linux_virtual_machine_scale_set",
      "name": "was_vmss",
      "provider": "provider[\"registry.terraform.io/hashicorp/azurerm\"]",
      "instances": [
        {
          "schema_version": 0,
          "attributes": {
            "additional_capabilities": [],
            "admin_password": "#Rlflqhdl21",
            "admin_ssh_key": [],
            "admin_username": "sangmin",
            "automatic_instance_repair": [
              {
                "enabled": false,
                "grace_period": "PT30M"
              }
            ],
            "automatic_os_upgrade_policy": [],
            "boot_diagnostics": [],
            "computer_name_prefix": "smlee-was-vmss",
            "custom_data": "d2FzLnNo",
            "data_disk": [
              {
                "caching": "ReadWrite",
                "create_option": "Empty",
                "disk_encryption_set_id": "",
                "disk_iops_read_write": 0,
                "disk_mbps_read_write": 0,
                "disk_size_gb": 10,
                "lun": 0,
                "storage_account_type": "Standard_LRS",
                "write_accelerator_enabled": false
              }
            ],
            "disable_password_authentication": false,
            "do_not_run_extensions_on_overprovisioned_machines": false,
            "encryption_at_host_enabled": false,
            "eviction_policy": "",
            "extension": [
              {
                "auto_upgrade_minor_version": true,
                "automatic_upgrade_enabled": false,
                "force_update_tag": "",
                "name": "CustomScript",
                "protected_settings": "",
                "provision_after_extensions": [],
                "publisher": "Microsoft.Azure.Extensions",
                "settings": "{\"script\":\"IyEgL2Jpbi9iYXNoDQpzZXRlbmZvcmNlIDANCnNlZCAtaSAncy9eU0VMSU5VWD1lbmZvcmNpbmckL1NFTElOVVg9cGVybWlzc2l2ZS8nIC9ldGMvc2VsaW51eC9jb25maWcNCnN5c3RlbWN0bCBkaXNhYmxlIC0tbm93IGZpcmV3YWxsZA0Kcm0gLWYgL2V0Yy9sb2NhbHRpbWUNCmxuIC1zIC91c3Ivc2hhcmUvem9uZWluZm8vQXNpYS9TZW91bCAvZXRjL2xvY2FsdGltZQ0KY2F0ID4gLnZpbXJjIDw8IEVPRg0Kc2V0IHBhc3RlDQpFT0YNCnl1bSBpbnN0YWxsIC15IHdnZXQgbXlzcWwgamF2YS0xMS1vcGVuamRrLWRldmVsLng4Nl82NCBnaXQNCmNhdCA+PiAvZXRjL3Byb2ZpbGUgPDwgXEVORF9IRUxQDQpleHBvcnQgSkFWQV9IT01FPS91c3IvbGliL2p2bS9qYXZhLTExLW9wZW5qZGstMTEuMC4xMy4wLjgtMS5lbDdfOS54ODZfNjQNCmV4cG9ydCBQQVRIPSRQQVRIOiRKQVZBX0hPTUUvYmluDQpFTkRfSEVMUA0Kc291cmNlIC9ldGMvcHJvZmlsZQ0Kd2dldCBodHRwOi8vYXJjaGl2ZS5hcGFjaGUub3JnL2Rpc3QvdG9tY2F0L3RvbWNhdC05L3Y5LjAuNTQvYmluL2FwYWNoZS10b21jYXQtOS4wLjU0LnRhci5neg0KdGFyIHp4dmYgYXBhY2hlLXRvbWNhdC05LjAuNTQudGFyLmd6DQpybSAtcmYgYXBhY2hlLXRvbWNhdC05LjAuNTQudGFyLmd6DQptdiBhcGFjaGUtdG9tY2F0LTkuMC41NCAvdXNyL2xvY2FsL3RvbWNhdDkNCnNlZCAtaSAnMTE2IHMvPCEtLS8gL2cnIC91c3IvbG9jYWwvdG9tY2F0OS9jb25mL3NlcnZlci54bWwNCnNlZCAtaSAnMTE4IHMvIjo6MSIvIjAuMC4wLjAiL2cnIC91c3IvbG9jYWwvdG9tY2F0OS9jb25mL3NlcnZlci54bWwNCnNlZCAtaSAnL3BvcnQ9IjgwMDkiL2Egc2VjcmV0UmVxdWlyZWQ9ImZhbHNlIicgL3Vzci9sb2NhbC90b21jYXQ5L2NvbmYvc2VydmVyLnhtbA0Kc2VkIC1pICcvPFwvdG9tY2F0LXVzZXJzPi9pIDxyb2xlIHJvbGVuYW1lPSJhZG1pbi1ndWkiXC8+JyAvdXNyL2xvY2FsL3RvbWNhdDkvY29uZi90b21jYXQtdXNlcnMueG1sDQpzZWQgLWkgJy88XC90b21jYXQtdXNlcnM+L2kgPHJvbGUgcm9sZW5hbWU9ImFkbWluLXNjcmlwdCJcLz4nIC91c3IvbG9jYWwvdG9tY2F0OS9jb25mL3RvbWNhdC11c2Vycy54bWwNCnNlZCAtaSAnLzxcL3RvbWNhdC11c2Vycz4vaSA8cm9sZSByb2xlbmFtZT0ibWFuYWdlci1ndWkiXC8+JyAvdXNyL2xvY2FsL3RvbWNhdDkvY29uZi90b21jYXQtdXNlcnMueG1sDQpzZWQgLWkgJy88XC90b21jYXQtdXNlcnM+L2kgPHJvbGUgcm9sZW5hbWU9Im1hbmFnZXItc2NyaXB0IlwvPicgL3Vzci9sb2NhbC90b21jYXQ5L2NvbmYvdG9tY2F0LXVzZXJzLnhtbA0Kc2VkIC1pICcvPFwvdG9tY2F0LXVzZXJzPi9pIDxyb2xlIHJvbGVuYW1lPSJtYW5hZ2VyLWpteCJcLz4nIC91c3IvbG9jYWwvdG9tY2F0OS9jb25mL3RvbWNhdC11c2Vycy54bWwNCnNlZCAtaSAnLzxcL3RvbWNhdC11c2Vycz4vaSA8cm9sZSByb2xlbmFtZT0ibWFuYWdlci1zdGF0dXMiXC8+JyAvdXNyL2xvY2FsL3RvbWNhdDkvY29uZi90b21jYXQtdXNlcnMueG1sDQpzZWQgLWkgJy88XC90b21jYXQtdXNlcnM+L2kgPHVzZXIgdXNlcm5hbWU9ImFkbWluIiBwYXNzd29yZD0iYWRtaW4iIHJvbGVzPSJhZG1pbi1ndWksYWRtaW4tc2NyaXB0LG1hbmFnZXItZ3VpLG1hbmFnZXItc2NyaXB0LG1hbmFnZXItam14LG1hbmFnZXItc3RhdHVzIiBcLz4nIC91c3IvbG9jYWwvdG9tY2F0OS9jb25mL3RvbWNhdC11c2Vycy54bWwNCnNlZCAtaSAnMTkgaVw8IS0tJyAvdXNyL2xvY2FsL3RvbWNhdDkvd2ViYXBwcy9tYW5hZ2VyL01FVEEtSU5GL2NvbnRleHQueG1sDQpzZWQgLWkgJzI0IGlcLS0+JyAvdXNyL2xvY2FsL3RvbWNhdDkvd2ViYXBwcy9tYW5hZ2VyL01FVEEtSU5GL2NvbnRleHQueG1sDQpzZWQgLWkgJzE5IGlcPCEtLScgL3Vzci9sb2NhbC90b21jYXQ5L3dlYmFwcHMvaG9zdC1tYW5hZ2VyL01FVEEtSU5GL2NvbnRleHQueG1sDQpzZWQgLWkgJzI0IGlcLS0+JyAvdXNyL2xvY2FsL3RvbWNhdDkvd2ViYXBwcy9ob3N0LW1hbmFnZXIvTUVUQS1JTkYvY29udGV4dC54bWwNCmNkIC91c3IvbG9jYWwNCndnZXQgaHR0cDovL21pcnJvci5hcGFjaGUta3Iub3JnL21hdmVuL21hdmVuLTMvMy42LjMvYmluYXJpZXMvYXBhY2hlLW1hdmVuLTMuNi4zLWJpbi50YXIuZ3oNCnRhciB6eHZmIGFwYWNoZS1tYXZlbi0zLjYuMy1iaW4udGFyLmd6DQpybSAtcmYgYXBhY2hlLW1hdmVuLTMuNi4zLWJpbi50YXIuZ3oNCmxuIC1zIGFwYWNoZS1tYXZlbi0zLjYuMyBtYXZlbg0KY2F0ID4+IC9ldGMvcHJvZmlsZSA8PCBcRU5EX0hFTFANCmV4cG9ydCBNQVZFTl9IT01FPS91c3IvbG9jYWwvbWF2ZW4NCmV4cG9ydCBQQVRIPSRQQVRIOiRIT01FL2JpbjokTUFWRU5fSE9NRS9iaW4NCmV4cG9ydCBUT01DQVRfSE9NRT0vdXNyL2xvY2FsL3RvbWNhdDkNCmV4cG9ydCBSRVNPVVJDRUdST1VQX05BTUU9c21sZWUtcmcNCmV4cG9ydCBNWVNRTF9TRVJWRVJfTkFNRT1zbWxlZS1teXNxbA0KZXhwb3J0IE1ZU1FMX1NFUlZFUl9GVUxMX05BTUU9JHtNWVNRTF9TRVJWRVJfTkFNRX0ucHJpdmF0ZWxpbmsubXlzcWwuZGF0YWJhc2UuYXp1cmUuY29tDQpleHBvcnQgTVlTUUxfU0VSVkVSX0FETUlOX0xPR0lOX05BTUU9c2FuZ21pbg0KZXhwb3J0IE1ZU1FMX1NFUlZFUl9BRE1JTl9QQVNTV09SRD0jUmxmbHFoZGwyMQ0KZXhwb3J0IE1ZU1FMX0RBVEFCQVNFX05BTUU9cGV0Y2xpbmljDQpleHBvcnQgRE9MTEFSPVwkDQpFTkRfSEVMUA0Kc291cmNlIC9ldGMvcHJvZmlsZQ0KY2QgL3Vzci9sb2NhbA0KZ2l0IGNsb25lIGh0dHBzOi8vZ2l0aHViLmNvbS9zcHJpbmctcGV0Y2xpbmljL3NwcmluZy1mcmFtZXdvcmstcGV0Y2xpbmljLmdpdA0KY2Qgc3ByaW5nLWZyYW1ld29yay1wZXRjbGluaWMNCmNhdCA+IGNhcmdvLnhtbCA8PCBcRU5EX0hFTFANCjxwbHVnaW4+DQo8Z3JvdXBJZD5vcmcuY29kZWhhdXMuY2FyZ288L2dyb3VwSWQ+DQo8YXJ0aWZhY3RJZD5jYXJnby1tYXZlbjMtcGx1Z2luPC9hcnRpZmFjdElkPg0KPHZlcnNpb24+MS45Ljg8L3ZlcnNpb24+DQo8Y29uZmlndXJhdGlvbj4NCjxjb250YWluZXI+DQo8Y29udGFpbmVySWQ+dG9tY2F0OXg8L2NvbnRhaW5lcklkPg0KPHR5cGU+aW5zdGFsbGVkPC90eXBlPg0KPGhvbWU+JHtUT01DQVRfSE9NRX08L2hvbWU+DQo8L2NvbnRhaW5lcj4NCjxjb25maWd1cmF0aW9uPg0KPHR5cGU+ZXhpc3Rpbmc8L3R5cGU+DQo8aG9tZT4ke1RPTUNBVF9IT01FfTwvaG9tZT4NCjwvY29uZmlndXJhdGlvbj4NCjxkZXBsb3lhYmxlcz4NCjxkZXBsb3lhYmxlPg0KPGdyb3VwSWQ+JHtwcm9qZWN0Lmdyb3VwSWR9PC9ncm91cElkPg0KPGFydGlmYWN0SWQ+JHtwcm9qZWN0LmFydGlmYWN0SWR9PC9hcnRpZmFjdElkPg0KPHR5cGU+d2FyPC90eXBlPg0KPHByb3BlcnRpZXM+DQo8Y29udGV4dD4vPC9jb250ZXh0Pg0KPC9wcm9wZXJ0aWVzPg0KPC9kZXBsb3lhYmxlPg0KPC9kZXBsb3lhYmxlcz4NCjwvY29uZmlndXJhdGlvbj4NCjwvcGx1Z2luPg0KRU5EX0hFTFANCmNhdCA+IG15c3FsLnhtbCA8PCBcRU5EX0hFTFANCjxwcm9maWxlPg0KPGlkPk15U1FMPC9pZD4NCjxhY3RpdmF0aW9uPg0KPGFjdGl2ZUJ5RGVmYXVsdD50cnVlPC9hY3RpdmVCeURlZmF1bHQ+DQo8L2FjdGl2YXRpb24+DQo8cHJvcGVydGllcz4NCjxkYi5zY3JpcHQ+bXlzcWw8L2RiLnNjcmlwdD4NCjxqcGEuZGF0YWJhc2U+TVlTUUw8L2pwYS5kYXRhYmFzZT4NCjxqZGJjLmRyaXZlckNsYXNzTmFtZT5jb20ubXlzcWwuamRiYy5Ecml2ZXI8L2pkYmMuZHJpdmVyQ2xhc3NOYW1lPg0KPGpkYmMudXJsPmpkYmM6bXlzcWw6Ly8ke0RPTExBUn17TVlTUUxfU0VSVkVSX0ZVTExfTkFNRX06MzMwNi8ke0RPTExBUn17TVlTUUxfREFUQUJBU0VfTkFNRX0/dXNlVW5pY29kZT10cnVlPC9qZGJjLnVybD4NCjxqZGJjLnVzZXJuYW1lPiR7RE9MTEFSfXtNWVNRTF9TRVJWRVJfQURNSU5fTE9HSU5fTkFNRX1AJHtET0xMQVJ9e01ZU1FMX1NFUlZFUl9GVUxMX05BTUV9PC9qZGJjLnVzZXJuYW1lPg0KPGpkYmMucGFzc3dvcmQ+JHtET0xMQVJ9e01ZU1FMX1NFUlZFUl9BRE1JTl9QQVNTV09SRH08L2pkYmMucGFzc3dvcmQ+DQo8L3Byb3BlcnRpZXM+DQo8ZGVwZW5kZW5jaWVzPg0KPGRlcGVuZGVuY3k+DQo8Z3JvdXBJZD5teXNxbDwvZ3JvdXBJZD4NCjxhcnRpZmFjdElkPm15c3FsLWNvbm5lY3Rvci1qYXZhPC9hcnRpZmFjdElkPg0KPHZlcnNpb24+JHtteXNxbC1kcml2ZXIudmVyc2lvbn08L3ZlcnNpb24+DQo8c2NvcGU+cnVudGltZTwvc2NvcGU+DQo8L2RlcGVuZGVuY3k+DQo8L2RlcGVuZGVuY2llcz4NCjwvcHJvZmlsZT4NCkVORF9IRUxQDQptdm4gcGFja2FnZQ0Kc2VkIC1pICc0NjFyIGNhcmdvLnhtbCcgcG9tLnhtbA0KbXZuIGNhcmdvOmRlcGxveQ0KJHtUT01DQVRfSE9NRX0vYmluL3N0YXJ0dXAuc2gNCnNlZCAtaSAnNDk1LDQ5N2QnIHBvbS54bWwNCnNlZCAtaSAnNTMxLDU0OWQnIHBvbS54bWwNCnNlZCAtaSAnNTMwciBteXNxbC54bWwnIHBvbS54bWwNCnJtIC1yZiBjYXJnby54bWwgbXlzcWwueG1sDQptdm4gcGFja2FnZQ0KbXZuIGNhcmdvOmRlcGxveSAtUCBNeVNRTA0KbXYgLi90YXJnZXQvcGV0Y2xpbmljLndhciAvdXNyL2xvY2FsL3RvbWNhdDkvd2ViYXBwcy8NCiR7VE9NQ0FUX0hPTUV9L2Jpbi9zaHV0ZG93bi5zaA0KJHtUT01DQVRfSE9NRX0vYmluL3N0YXJ0dXAuc2g=\"}",
                "type": "CustomScript",
                "type_handler_version": "2.1"
              }
            ],
            "extensions_time_budget": "PT1H30M",
            "health_probe_id": "",
            "id": "/subscriptions/39438a80-f276-4b26-9c26-bd48ff8bc49c/resourceGroups/smlee-3tier/providers/Microsoft.Compute/virtualMachineScaleSets/smlee-was-vmss",
            "identity": [],
            "instances": 7,
            "location": "koreacentral",
            "max_bid_price": -1,
            "name": "smlee-was-vmss",
            "network_interface": [
              {
                "dns_servers": [],
                "enable_accelerated_networking": false,
                "enable_ip_forwarding": false,
                "ip_configuration": [
                  {
                    "application_gateway_backend_address_pool_ids": [],
                    "application_security_group_ids": [],
                    "load_balancer_backend_address_pool_ids": [
                      "/subscriptions/39438a80-f276-4b26-9c26-bd48ff8bc49c/resourceGroups/smlee-3tier/providers/Microsoft.Network/loadBalancers/smlee-lb/backendAddressPools/smlee-lb-bp"
                    ],
                    "load_balancer_inbound_nat_rules_ids": [],
                    "name": "IPConfiguration",
                    "primary": true,
                    "public_ip_address": [],
                    "subnet_id": "/subscriptions/39438a80-f276-4b26-9c26-bd48ff8bc49c/resourceGroups/smlee-3tier/providers/Microsoft.Network/virtualNetworks/smlee-vnet/subnets/smlee-was-subnet",
                    "version": "IPv4"
                  }
                ],
                "name": "terraformnetworkprofile",
                "network_security_group_id": "",
                "primary": true
              }
            ],
            "os_disk": [
              {
                "caching": "ReadWrite",
                "diff_disk_settings": [],
                "disk_encryption_set_id": "",
                "disk_size_gb": 30,
                "storage_account_type": "Standard_LRS",
                "write_accelerator_enabled": false
              }
            ],
            "overprovision": true,
            "plan": [],
            "platform_fault_domain_count": 5,
            "priority": "Regular",
            "provision_vm_agent": true,
            "proximity_placement_group_id": "",
            "resource_group_name": "smlee-3tier",
            "rolling_upgrade_policy": [],
            "scale_in_policy": "Default",
            "secret": [],
            "secure_boot_enabled": false,
            "single_placement_group": true,
            "sku": "Standard_DS1_v2",
            "source_image_id": "",
            "source_image_reference": [
              {
                "offer": "CentOS",
                "publisher": "OpenLogic",
                "sku": "7.5",
                "version": "latest"
              }
            ],
            "tags": {},
            "terminate_notification": [],
            "timeouts": null,
            "unique_id": "3fd02d7d-e3e4-4eb2-a2ea-3d79963df6ae",
            "upgrade_mode": "Automatic",
            "vtpm_enabled": false,
            "zone_balance": true,
            "zones": [
              "1",
              "2",
              "3"
            ]
          },
          "sensitive_attributes": [],
          "private": "eyJlMmJmYjczMC1lY2FhLTExZTYtOGY4OC0zNDM2M2JjN2M0YzAiOnsiY3JlYXRlIjoxODAwMDAwMDAwMDAwLCJkZWxldGUiOjE4MDAwMDAwMDAwMDAsInJlYWQiOjMwMDAwMDAwMDAwMCwidXBkYXRlIjozNjAwMDAwMDAwMDAwfX0=",
          "dependencies": [
            "azurerm_lb.smlee_lb",
            "azurerm_lb_backend_address_pool.lb_bp",
            "azurerm_resource_group.rg",
            "azurerm_subnet.lb_subnet",
            "azurerm_subnet.was_subnet",
            "azurerm_virtual_network.vnet"
          ]
        }
      ]
    },
    {
      "mode": "managed",
      "type": "azurerm_linux_virtual_machine_scale_set",
      "name": "web_vmss",
      "provider": "provider[\"registry.terraform.io/hashicorp/azurerm\"]",
      "instances": [
        {
          "schema_version": 0,
          "attributes": {
            "additional_capabilities": [],
            "admin_password": "#Rlflqhdl21",
            "admin_ssh_key": [],
            "admin_username": "sangmin",
            "automatic_instance_repair": [
              {
                "enabled": false,
                "grace_period": "PT30M"
              }
            ],
            "automatic_os_upgrade_policy": [],
            "boot_diagnostics": [],
            "computer_name_prefix": "smlee-web-vmss",
            "custom_data": "d2ViLnNo",
            "data_disk": [
              {
                "caching": "ReadWrite",
                "create_option": "Empty",
                "disk_encryption_set_id": "",
                "disk_iops_read_write": 0,
                "disk_mbps_read_write": 0,
                "disk_size_gb": 10,
                "lun": 0,
                "storage_account_type": "Standard_LRS",
                "write_accelerator_enabled": false
              }
            ],
            "disable_password_authentication": false,
            "do_not_run_extensions_on_overprovisioned_machines": false,
            "encryption_at_host_enabled": false,
            "eviction_policy": "",
            "extension": [
              {
                "auto_upgrade_minor_version": true,
                "automatic_upgrade_enabled": false,
                "force_update_tag": "",
                "name": "CustomScript",
                "protected_settings": "",
                "provision_after_extensions": [],
                "publisher": "Microsoft.Azure.Extensions",
                "settings": "{\"script\":\"IyEvYmluL2Jhc2gNCnN1ZG8gc3UgLQ0Kc2VkIC1pICdzL15TRUxJTlVYPWVuZm9yY2luZyQvU0VMSU5VWD1wZXJtaXNzaXZlLycgL2V0Yy9zZWxpbnV4L2NvbmZpZw0KZmlyZXdhbGwtY21kIC0tcGVybWFuZW50IC0tYWRkLXBvcnQ9ODAvdGNwDQpmaXJld2FsbC1jbWQgLS1yZWxvYWQNCmZpcmV3YWxsLWNtZCAtLXBlcm1hbmVudCAtLWFkZC1wb3J0PTQ0My90Y3ANCmZpcmV3YWxsLWNtZCAtLXJlbG9hZA0KZmlyZXdhbGwtY21kIC0tcGVybWFuZW50IC0tYWRkLXBvcnQ9MjIvdGNwDQpmaXJld2FsbC1jbWQgLS1yZWxvYWQNCnJtIC1mIC9ldGMvbG9jYWx0aW1lDQpsbiAtcyAvdXNyL3NoYXJlL3pvbmVpbmZvL0FzaWEvU2VvdWwgL2V0Yy9sb2NhbHRpbWUNCmNhdCA+IC52aW1yYyA8PCBFT0YNCnNldCBwYXN0ZQ0KRU9GDQp5dW0gaW5zdGFsbCAteSBodHRwZCBodHRwZC1kZXZlbCBnY2MgZ2NjLWMrKyB3Z2V0DQpzeXN0ZW1jdGwgZW5hYmxlIC0tbm93IGh0dHBkDQpjZCAvdmFyL3d3dy9odG1sDQp3Z2V0IGh0dHA6Ly9hcmNoaXZlLmFwYWNoZS5vcmcvZGlzdC90b21jYXQvdG9tY2F0LWNvbm5lY3RvcnMvamsvdG9tY2F0LWNvbm5lY3RvcnMtMS4yLjQ2LXNyYy50YXIuZ3oNCnRhciB6eHZmIHRvbWNhdC1jb25uZWN0b3JzLTEuMi40Ni1zcmMudGFyLmd6DQpybSAtcmYgdG9tY2F0LWNvbm5lY3RvcnMtMS4yLjQ2LXNyYy50YXIuZ3oNCmNkIHRvbWNhdC1jb25uZWN0b3JzLTEuMi40Ni1zcmMvbmF0aXZlDQovYmluL2Jhc2ggLi9jb25maWd1cmUgLS13aXRoLWFweHM9L2Jpbi9hcHhzDQptYWtlDQptYWtlIGluc3RhbGwNCmNkIGFwYWNoZS0yLjAvDQpjcCBtb2Rfamsuc28gL3Vzci9saWI2NC9odHRwZC9tb2R1bGVzL21vZF9qay5zbw0KY2htb2QgNzU1IC91c3IvbGliNjQvaHR0cGQvbW9kdWxlcy9tb2Rfamsuc28NCmVjaG8gJ0xvYWRNb2R1bGUgamtfbW9kdWxlIC91c3IvbGliNjQvaHR0cGQvbW9kdWxlcy9tb2Rfamsuc28nID4+IC9ldGMvaHR0cGQvY29uZi9odHRwZC5jb25mDQplY2hvICcgICAgIDxJZk1vZHVsZSBqa19tb2R1bGU+JyA+PiAvZXRjL2h0dHBkL2NvbmYvaHR0cGQuY29uZg0KZWNobyAnICAgICAJSmtXb3JrZXJzRmlsZSBjb25mL3dvcmtlcnMucHJvcGVydGllcycgPj4gL2V0Yy9odHRwZC9jb25mL2h0dHBkLmNvbmYNCmVjaG8gJyAgICAgCUprTG9nRmlsZSBsb2dzL21vZF9qay5sb2cnID4+IC9ldGMvaHR0cGQvY29uZi9odHRwZC5jb25mDQplY2hvICcgICAgIAlKa1NobUZpbGUgcnVuL21vZF9qay5zaG0nID4+IC9ldGMvaHR0cGQvY29uZi9odHRwZC5jb25mDQplY2hvICcgICAgIAlKa0xvZ0xldmVsIGluZm8nID4+IC9ldGMvaHR0cGQvY29uZi9odHRwZC5jb25mDQplY2hvICcgICAgIAlKa0xvZ1N0YW1wRm9ybWF0ICJbJWEgJWIgJWQgJUg6JU06JVMgJVldIicgPj4gL2V0Yy9odHRwZC9jb25mL2h0dHBkLmNvbmYNCmVjaG8gJyAgICAgCUprTW91bnQgLyogd29ya2VyMScgPj4gL2V0Yy9odHRwZC9jb25mL2h0dHBkLmNvbmYNCmVjaG8gJyAgICAgPC9JZk1vZHVsZT4nID4+IC9ldGMvaHR0cGQvY29uZi9odHRwZC5jb25mDQpjYXQgPiAvZXRjL2h0dHBkL2NvbmYvd29ya2Vycy5wcm9wZXJ0aWVzIDw8IEVPRg0Kd29ya2VyLmxpc3Q9d29ya2VyMQ0Kd29ya2VyLndvcmtlcjEudHlwZT1hanAxMw0Kd29ya2VyLndvcmtlcjEuaG9zdD0xMC4wLjIuNQ0Kd29ya2VyLndvcmtlcjEucG9ydD04MDA5DQpFT0YNCnN5c3RlbWN0bCByZXN0YXJ0IGh0dHBk\"}",
                "type": "CustomScript",
                "type_handler_version": "2.1"
              }
            ],
            "extensions_time_budget": "PT1H30M",
            "health_probe_id": "",
            "id": "/subscriptions/39438a80-f276-4b26-9c26-bd48ff8bc49c/resourceGroups/smlee-3tier/providers/Microsoft.Compute/virtualMachineScaleSets/smlee-web-vmss",
            "identity": [],
            "instances": 1,
            "location": "koreacentral",
            "max_bid_price": -1,
            "name": "smlee-web-vmss",
            "network_interface": [
              {
                "dns_servers": [],
                "enable_accelerated_networking": false,
                "enable_ip_forwarding": false,
                "ip_configuration": [
                  {
                    "application_gateway_backend_address_pool_ids": [
                      "/subscriptions/39438a80-f276-4b26-9c26-bd48ff8bc49c/resourceGroups/smlee-3tier/providers/Microsoft.Network/applicationGateways/smlee-web-appgw/backendAddressPools/backend"
                    ],
                    "application_security_group_ids": [],
                    "load_balancer_backend_address_pool_ids": [],
                    "load_balancer_inbound_nat_rules_ids": [],
                    "name": "IPConfiguration",
                    "primary": true,
                    "public_ip_address": [],
                    "subnet_id": "/subscriptions/39438a80-f276-4b26-9c26-bd48ff8bc49c/resourceGroups/smlee-3tier/providers/Microsoft.Network/virtualNetworks/smlee-vnet/subnets/smlee-web-subnet",
                    "version": "IPv4"
                  }
                ],
                "name": "terraformnetworkprofile",
                "network_security_group_id": "",
                "primary": true
              }
            ],
            "os_disk": [
              {
                "caching": "ReadWrite",
                "diff_disk_settings": [],
                "disk_encryption_set_id": "",
                "disk_size_gb": 30,
                "storage_account_type": "Standard_LRS",
                "write_accelerator_enabled": false
              }
            ],
            "overprovision": true,
            "plan": [],
            "platform_fault_domain_count": 5,
            "priority": "Regular",
            "provision_vm_agent": true,
            "proximity_placement_group_id": "",
            "resource_group_name": "smlee-3tier",
            "rolling_upgrade_policy": [],
            "scale_in_policy": "Default",
            "secret": [],
            "secure_boot_enabled": false,
            "single_placement_group": true,
            "sku": "Standard_DS1_v2",
            "source_image_id": "",
            "source_image_reference": [
              {
                "offer": "CentOS",
                "publisher": "OpenLogic",
                "sku": "7.5",
                "version": "latest"
              }
            ],
            "tags": {},
            "terminate_notification": [],
            "timeouts": null,
            "unique_id": "97e684ea-61d6-4585-bee7-d708c788f128",
            "upgrade_mode": "Automatic",
            "vtpm_enabled": false,
            "zone_balance": true,
            "zones": [
              "1",
              "2",
              "3"
            ]
          },
          "sensitive_attributes": [],
          "private": "eyJlMmJmYjczMC1lY2FhLTExZTYtOGY4OC0zNDM2M2JjN2M0YzAiOnsiY3JlYXRlIjoxODAwMDAwMDAwMDAwLCJkZWxldGUiOjE4MDAwMDAwMDAwMDAsInJlYWQiOjMwMDAwMDAwMDAwMCwidXBkYXRlIjozNjAwMDAwMDAwMDAwfX0=",
          "dependencies": [
            "azurerm_application_gateway.web_appgw",
            "azurerm_public_ip.appgw_pubip",
            "azurerm_resource_group.rg",
            "azurerm_subnet.appgw_subnet",
            "azurerm_subnet.web_subnet",
            "azurerm_virtual_network.vnet"
          ]
        }
      ]
    },
    {
      "mode": "managed",
      "type": "azurerm_monitor_autoscale_setting",
      "name": "was_auto_scale",
      "provider": "provider[\"registry.terraform.io/hashicorp/azurerm\"]",
      "instances": [
        {
          "schema_version": 1,
          "attributes": {
            "enabled": true,
            "id": "/subscriptions/39438a80-f276-4b26-9c26-bd48ff8bc49c/resourceGroups/smlee-3tier/providers/Microsoft.Insights/autoscaleSettings/smlee-was-auto-scale",
            "location": "koreacentral",
            "name": "smlee-was-auto-scale",
            "notification": [],
            "profile": [
              {
                "capacity": [
                  {
                    "default": 2,
                    "maximum": 9,
                    "minimum": 2
                  }
                ],
                "fixed_date": [],
                "name": "AutoScale",
                "recurrence": [],
                "rule": [
                  {
                    "metric_trigger": [
                      {
                        "dimensions": [],
                        "divide_by_instance_count": false,
                        "metric_name": "Percentage CPU",
                        "metric_namespace": "",
                        "metric_resource_id": "/subscriptions/39438a80-f276-4b26-9c26-bd48ff8bc49c/resourceGroups/smlee-3tier/providers/Microsoft.Compute/virtualMachineScaleSets/smlee-was-vmss",
                        "operator": "GreaterThan",
                        "statistic": "Average",
                        "threshold": 70,
                        "time_aggregation": "Average",
                        "time_grain": "PT1M",
                        "time_window": "PT5M"
                      }
                    ],
                    "scale_action": [
                      {
                        "cooldown": "PT1M",
                        "direction": "Increase",
                        "type": "ChangeCount",
                        "value": 2
                      }
                    ]
                  },
                  {
                    "metric_trigger": [
                      {
                        "dimensions": [],
                        "divide_by_instance_count": false,
                        "metric_name": "Percentage CPU",
                        "metric_namespace": "",
                        "metric_resource_id": "/subscriptions/39438a80-f276-4b26-9c26-bd48ff8bc49c/resourceGroups/smlee-3tier/providers/Microsoft.Compute/virtualMachineScaleSets/smlee-was-vmss",
                        "operator": "LessThan",
                        "statistic": "Average",
                        "threshold": 30,
                        "time_aggregation": "Average",
                        "time_grain": "PT1M",
                        "time_window": "PT5M"
                      }
                    ],
                    "scale_action": [
                      {
                        "cooldown": "PT1M",
                        "direction": "Decrease",
                        "type": "ChangeCount",
                        "value": 1
                      }
                    ]
                  }
                ]
              }
            ],
            "resource_group_name": "smlee-3tier",
            "tags": {},
            "target_resource_id": "/subscriptions/39438a80-f276-4b26-9c26-bd48ff8bc49c/resourceGroups/smlee-3tier/providers/Microsoft.Compute/virtualMachineScaleSets/smlee-was-vmss",
            "timeouts": null
          },
          "sensitive_attributes": [],
          "private": "eyJlMmJmYjczMC1lY2FhLTExZTYtOGY4OC0zNDM2M2JjN2M0YzAiOnsiY3JlYXRlIjoxODAwMDAwMDAwMDAwLCJkZWxldGUiOjE4MDAwMDAwMDAwMDAsInJlYWQiOjMwMDAwMDAwMDAwMCwidXBkYXRlIjoxODAwMDAwMDAwMDAwfSwic2NoZW1hX3ZlcnNpb24iOiIxIn0=",
          "dependencies": [
            "azurerm_linux_virtual_machine_scale_set.was_vmss",
            "azurerm_resource_group.rg"
          ]
        }
      ]
    },
    {
      "mode": "managed",
      "type": "azurerm_monitor_autoscale_setting",
      "name": "web_auto",
      "provider": "provider[\"registry.terraform.io/hashicorp/azurerm\"]",
      "instances": [
        {
          "schema_version": 1,
          "attributes": {
            "enabled": true,
            "id": "/subscriptions/39438a80-f276-4b26-9c26-bd48ff8bc49c/resourceGroups/smlee-3tier/providers/Microsoft.Insights/autoscaleSettings/smlee-web-auto",
            "location": "koreacentral",
            "name": "smlee-web-auto",
            "notification": [],
            "profile": [
              {
                "capacity": [
                  {
                    "default": 2,
                    "maximum": 9,
                    "minimum": 2
                  }
                ],
                "fixed_date": [],
                "name": "ityun-web-AutoScale",
                "recurrence": [],
                "rule": [
                  {
                    "metric_trigger": [
                      {
                        "dimensions": [],
                        "divide_by_instance_count": false,
                        "metric_name": "Percentage CPU",
                        "metric_namespace": "",
                        "metric_resource_id": "/subscriptions/39438a80-f276-4b26-9c26-bd48ff8bc49c/resourceGroups/smlee-3tier/providers/Microsoft.Compute/virtualMachineScaleSets/smlee-web-vmss",
                        "operator": "GreaterThan",
                        "statistic": "Average",
                        "threshold": 70,
                        "time_aggregation": "Average",
                        "time_grain": "PT1M",
                        "time_window": "PT5M"
                      }
                    ],
                    "scale_action": [
                      {
                        "cooldown": "PT1M",
                        "direction": "Increase",
                        "type": "ChangeCount",
                        "value": 2
                      }
                    ]
                  },
                  {
                    "metric_trigger": [
                      {
                        "dimensions": [],
                        "divide_by_instance_count": false,
                        "metric_name": "Percentage CPU",
                        "metric_namespace": "",
                        "metric_resource_id": "/subscriptions/39438a80-f276-4b26-9c26-bd48ff8bc49c/resourceGroups/smlee-3tier/providers/Microsoft.Compute/virtualMachineScaleSets/smlee-web-vmss",
                        "operator": "LessThan",
                        "statistic": "Average",
                        "threshold": 30,
                        "time_aggregation": "Average",
                        "time_grain": "PT1M",
                        "time_window": "PT5M"
                      }
                    ],
                    "scale_action": [
                      {
                        "cooldown": "PT1M",
                        "direction": "Decrease",
                        "type": "ChangeCount",
                        "value": 1
                      }
                    ]
                  }
                ]
              }
            ],
            "resource_group_name": "smlee-3tier",
            "tags": {},
            "target_resource_id": "/subscriptions/39438a80-f276-4b26-9c26-bd48ff8bc49c/resourceGroups/smlee-3tier/providers/Microsoft.Compute/virtualMachineScaleSets/smlee-web-vmss",
            "timeouts": null
          },
          "sensitive_attributes": [],
          "private": "eyJlMmJmYjczMC1lY2FhLTExZTYtOGY4OC0zNDM2M2JjN2M0YzAiOnsiY3JlYXRlIjoxODAwMDAwMDAwMDAwLCJkZWxldGUiOjE4MDAwMDAwMDAwMDAsInJlYWQiOjMwMDAwMDAwMDAwMCwidXBkYXRlIjoxODAwMDAwMDAwMDAwfSwic2NoZW1hX3ZlcnNpb24iOiIxIn0=",
          "dependencies": [
            "azurerm_linux_virtual_machine_scale_set.web_vmss",
            "azurerm_resource_group.rg"
          ]
        }
      ]
    },
    {
      "mode": "managed",
      "type": "azurerm_mysql_configuration",
      "name": "time_zone",
      "provider": "provider[\"registry.terraform.io/hashicorp/azurerm\"]",
      "instances": [
        {
          "schema_version": 0,
          "attributes": {
            "id": "/subscriptions/39438a80-f276-4b26-9c26-bd48ff8bc49c/resourceGroups/smlee-3tier/providers/Microsoft.DBforMySQL/servers/smlee-mysql/configurations/time_zone",
            "name": "time_zone",
            "resource_group_name": "smlee-3tier",
            "server_name": "smlee-mysql",
            "timeouts": null,
            "value": "+09:00"
          },
          "sensitive_attributes": [],
          "private": "eyJlMmJmYjczMC1lY2FhLTExZTYtOGY4OC0zNDM2M2JjN2M0YzAiOnsiY3JlYXRlIjoxODAwMDAwMDAwMDAwLCJkZWxldGUiOjE4MDAwMDAwMDAwMDAsInJlYWQiOjMwMDAwMDAwMDAwMCwidXBkYXRlIjoxODAwMDAwMDAwMDAwfX0=",
          "dependencies": [
            "azurerm_mysql_server.mysql",
            "azurerm_resource_group.rg"
          ]
        }
      ]
    },
    {
      "mode": "managed",
      "type": "azurerm_mysql_configuration",
      "name": "wait_timeout",
      "provider": "provider[\"registry.terraform.io/hashicorp/azurerm\"]",
      "instances": [
        {
          "schema_version": 0,
          "attributes": {
            "id": "/subscriptions/39438a80-f276-4b26-9c26-bd48ff8bc49c/resourceGroups/smlee-3tier/providers/Microsoft.DBforMySQL/servers/smlee-mysql/configurations/wait_timeout",
            "name": "wait_timeout",
            "resource_group_name": "smlee-3tier",
            "server_name": "smlee-mysql",
            "timeouts": null,
            "value": "2147483"
          },
          "sensitive_attributes": [],
          "private": "eyJlMmJmYjczMC1lY2FhLTExZTYtOGY4OC0zNDM2M2JjN2M0YzAiOnsiY3JlYXRlIjoxODAwMDAwMDAwMDAwLCJkZWxldGUiOjE4MDAwMDAwMDAwMDAsInJlYWQiOjMwMDAwMDAwMDAwMCwidXBkYXRlIjoxODAwMDAwMDAwMDAwfX0=",
          "dependencies": [
            "azurerm_mysql_server.mysql",
            "azurerm_resource_group.rg"
          ]
        }
      ]
    },
    {
      "mode": "managed",
      "type": "azurerm_mysql_database",
      "name": "petclinic",
      "provider": "provider[\"registry.terraform.io/hashicorp/azurerm\"]",
      "instances": [
        {
          "schema_version": 0,
          "attributes": {
            "charset": "utf8",
            "collation": "utf8_unicode_ci",
            "id": "/subscriptions/39438a80-f276-4b26-9c26-bd48ff8bc49c/resourceGroups/smlee-3tier/providers/Microsoft.DBforMySQL/servers/smlee-mysql/databases/petclinic",
            "name": "petclinic",
            "resource_group_name": "smlee-3tier",
            "server_name": "smlee-mysql",
            "timeouts": null
          },
          "sensitive_attributes": [],
          "private": "eyJlMmJmYjczMC1lY2FhLTExZTYtOGY4OC0zNDM2M2JjN2M0YzAiOnsiY3JlYXRlIjozNjAwMDAwMDAwMDAwLCJkZWxldGUiOjM2MDAwMDAwMDAwMDAsInJlYWQiOjMwMDAwMDAwMDAwMCwidXBkYXRlIjozNjAwMDAwMDAwMDAwfX0=",
          "dependencies": [
            "azurerm_mysql_server.mysql",
            "azurerm_resource_group.rg"
          ]
        }
      ]
    },
    {
      "mode": "managed",
      "type": "azurerm_mysql_server",
      "name": "mysql",
      "provider": "provider[\"registry.terraform.io/hashicorp/azurerm\"]",
      "instances": [
        {
          "schema_version": 0,
          "attributes": {
            "administrator_login": "sangmin",
            "administrator_login_password": "#Rlflqhdl21",
            "auto_grow_enabled": true,
            "backup_retention_days": 7,
            "create_mode": "Default",
            "creation_source_server_id": null,
            "fqdn": "smlee-mysql.mysql.database.azure.com",
            "geo_redundant_backup_enabled": false,
            "id": "/subscriptions/39438a80-f276-4b26-9c26-bd48ff8bc49c/resourceGroups/smlee-3tier/providers/Microsoft.DBforMySQL/servers/smlee-mysql",
            "identity": [],
            "infrastructure_encryption_enabled": false,
            "location": "koreacentral",
            "name": "smlee-mysql",
            "public_network_access_enabled": false,
            "resource_group_name": "smlee-3tier",
            "restore_point_in_time": null,
            "sku_name": "GP_Gen5_8",
            "ssl_enforcement": "Disabled",
            "ssl_enforcement_enabled": false,
            "ssl_minimal_tls_version_enforced": "TLSEnforcementDisabled",
            "storage_mb": 5120,
            "storage_profile": [
              {
                "auto_grow": "Enabled",
                "backup_retention_days": 7,
                "geo_redundant_backup": "Disabled",
                "storage_mb": 5120
              }
            ],
            "tags": {},
            "threat_detection_policy": [],
            "timeouts": null,
            "version": "5.7"
          },
          "sensitive_attributes": [],
          "private": "eyJlMmJmYjczMC1lY2FhLTExZTYtOGY4OC0zNDM2M2JjN2M0YzAiOnsiY3JlYXRlIjozNjAwMDAwMDAwMDAwLCJkZWxldGUiOjM2MDAwMDAwMDAwMDAsInJlYWQiOjMwMDAwMDAwMDAwMCwidXBkYXRlIjozNjAwMDAwMDAwMDAwfX0=",
          "dependencies": [
            "azurerm_resource_group.rg"
          ]
        }
      ]
    },
    {
      "mode": "managed",
      "type": "azurerm_mysql_server",
      "name": "mysql_replica",
      "provider": "provider[\"registry.terraform.io/hashicorp/azurerm\"]",
      "instances": [
        {
          "schema_version": 0,
          "attributes": {
            "administrator_login": "sangmin",
            "administrator_login_password": null,
            "auto_grow_enabled": true,
            "backup_retention_days": 7,
            "create_mode": "Replica",
            "creation_source_server_id": "/subscriptions/39438a80-f276-4b26-9c26-bd48ff8bc49c/resourceGroups/smlee-3tier/providers/Microsoft.DBforMySQL/servers/smlee-mysql",
            "fqdn": "smlee-mysql-replica.mysql.database.azure.com",
            "geo_redundant_backup_enabled": false,
            "id": "/subscriptions/39438a80-f276-4b26-9c26-bd48ff8bc49c/resourceGroups/smlee-3tier/providers/Microsoft.DBforMySQL/servers/smlee-mysql-replica",
            "identity": [],
            "infrastructure_encryption_enabled": false,
            "location": "koreasouth",
            "name": "smlee-mysql-replica",
            "public_network_access_enabled": false,
            "resource_group_name": "smlee-3tier",
            "restore_point_in_time": null,
            "sku_name": "GP_Gen5_8",
            "ssl_enforcement": "Disabled",
            "ssl_enforcement_enabled": false,
            "ssl_minimal_tls_version_enforced": "TLSEnforcementDisabled",
            "storage_mb": 5120,
            "storage_profile": [
              {
                "auto_grow": "Enabled",
                "backup_retention_days": 7,
                "geo_redundant_backup": "Disabled",
                "storage_mb": 5120
              }
            ],
            "tags": {},
            "threat_detection_policy": [],
            "timeouts": null,
            "version": "5.7"
          },
          "sensitive_attributes": [],
          "private": "eyJlMmJmYjczMC1lY2FhLTExZTYtOGY4OC0zNDM2M2JjN2M0YzAiOnsiY3JlYXRlIjozNjAwMDAwMDAwMDAwLCJkZWxldGUiOjM2MDAwMDAwMDAwMDAsInJlYWQiOjMwMDAwMDAwMDAwMCwidXBkYXRlIjozNjAwMDAwMDAwMDAwfX0=",
          "dependencies": [
            "azurerm_mysql_server.mysql",
            "azurerm_resource_group.rg"
          ]
        }
      ]
    },
    {
      "mode": "managed",
      "type": "azurerm_nat_gateway",
      "name": "natgw",
      "provider": "provider[\"registry.terraform.io/hashicorp/azurerm\"]",
      "instances": [
        {
          "schema_version": 0,
          "attributes": {
            "id": "/subscriptions/39438a80-f276-4b26-9c26-bd48ff8bc49c/resourceGroups/smlee-3tier/providers/Microsoft.Network/natGateways/smlee-natgw",
            "idle_timeout_in_minutes": 10,
            "location": "koreacentral",
            "name": "smlee-natgw",
            "public_ip_address_ids": [
              "/subscriptions/39438a80-f276-4b26-9c26-bd48ff8bc49c/resourceGroups/smlee-3tier/providers/Microsoft.Network/publicIPAddresses/ismlee-natgw_pubip"
            ],
            "public_ip_prefix_ids": [],
            "resource_group_name": "smlee-3tier",
            "resource_guid": "b351f869-4f07-4734-9b94-035e9e1c964b",
            "sku_name": "Standard",
            "tags": {},
            "timeouts": null,
            "zones": [
              "1"
            ]
          },
          "sensitive_attributes": [],
          "private": "eyJlMmJmYjczMC1lY2FhLTExZTYtOGY4OC0zNDM2M2JjN2M0YzAiOnsiY3JlYXRlIjozNjAwMDAwMDAwMDAwLCJkZWxldGUiOjM2MDAwMDAwMDAwMDAsInJlYWQiOjMwMDAwMDAwMDAwMCwidXBkYXRlIjozNjAwMDAwMDAwMDAwfX0=",
          "dependencies": [
            "azurerm_resource_group.rg"
          ]
        }
      ]
    },
    {
      "mode": "managed",
      "type": "azurerm_nat_gateway_public_ip_association",
      "name": "natgw_pubip_ass",
      "provider": "provider[\"registry.terraform.io/hashicorp/azurerm\"]",
      "instances": [
        {
          "schema_version": 0,
          "attributes": {
            "id": "/subscriptions/39438a80-f276-4b26-9c26-bd48ff8bc49c/resourceGroups/smlee-3tier/providers/Microsoft.Network/natGateways/smlee-natgw|/subscriptions/39438a80-f276-4b26-9c26-bd48ff8bc49c/resourceGroups/smlee-3tier/providers/Microsoft.Network/publicIPAddresses/ismlee-natgw_pubip",
            "nat_gateway_id": "/subscriptions/39438a80-f276-4b26-9c26-bd48ff8bc49c/resourceGroups/smlee-3tier/providers/Microsoft.Network/natGateways/smlee-natgw",
            "public_ip_address_id": "/subscriptions/39438a80-f276-4b26-9c26-bd48ff8bc49c/resourceGroups/smlee-3tier/providers/Microsoft.Network/publicIPAddresses/ismlee-natgw_pubip",
            "timeouts": null
          },
          "sensitive_attributes": [],
          "private": "eyJlMmJmYjczMC1lY2FhLTExZTYtOGY4OC0zNDM2M2JjN2M0YzAiOnsiY3JlYXRlIjoxODAwMDAwMDAwMDAwLCJkZWxldGUiOjE4MDAwMDAwMDAwMDAsInJlYWQiOjMwMDAwMDAwMDAwMH19",
          "dependencies": [
            "azurerm_public_ip.natgw_pubip",
            "azurerm_resource_group.rg",
            "azurerm_nat_gateway.natgw"
          ]
        }
      ]
    },
    {
      "mode": "managed",
      "type": "azurerm_network_interface",
      "name": "jumpbox_nic",
      "provider": "provider[\"registry.terraform.io/hashicorp/azurerm\"]",
      "instances": [
        {
          "schema_version": 0,
          "attributes": {
            "applied_dns_servers": [],
            "dns_servers": [],
            "enable_accelerated_networking": false,
            "enable_ip_forwarding": false,
            "id": "/subscriptions/39438a80-f276-4b26-9c26-bd48ff8bc49c/resourceGroups/smlee-3tier/providers/Microsoft.Network/networkInterfaces/smlee-jumpbox-nic",
            "internal_dns_name_label": "",
            "internal_domain_name_suffix": "mcpttgfhuuouzncutpchlqeuhg.syx.internal.cloudapp.net",
            "ip_configuration": [
              {
                "gateway_load_balancer_frontend_ip_configuration_id": "",
                "name": "smlee-ipconfig",
                "primary": true,
                "private_ip_address": "10.0.4.4",
                "private_ip_address_allocation": "Dynamic",
                "private_ip_address_version": "IPv4",
                "public_ip_address_id": "/subscriptions/39438a80-f276-4b26-9c26-bd48ff8bc49c/resourceGroups/smlee-3tier/providers/Microsoft.Network/publicIPAddresses/smlee-jumpbox-pubip",
                "subnet_id": "/subscriptions/39438a80-f276-4b26-9c26-bd48ff8bc49c/resourceGroups/smlee-3tier/providers/Microsoft.Network/virtualNetworks/smlee-vnet/subnets/smlee-jumpbox-subnet"
              }
            ],
            "location": "koreacentral",
            "mac_address": "00-22-48-0F-09-3A",
            "name": "smlee-jumpbox-nic",
            "private_ip_address": "10.0.4.4",
            "private_ip_addresses": [
              "10.0.4.4"
            ],
            "resource_group_name": "smlee-3tier",
            "tags": {},
            "timeouts": null,
            "virtual_machine_id": "/subscriptions/39438a80-f276-4b26-9c26-bd48ff8bc49c/resourceGroups/smlee-3tier/providers/Microsoft.Compute/virtualMachines/smlee-jumpbox"
          },
          "sensitive_attributes": [],
          "private": "eyJlMmJmYjczMC1lY2FhLTExZTYtOGY4OC0zNDM2M2JjN2M0YzAiOnsiY3JlYXRlIjoxODAwMDAwMDAwMDAwLCJkZWxldGUiOjE4MDAwMDAwMDAwMDAsInJlYWQiOjMwMDAwMDAwMDAwMCwidXBkYXRlIjoxODAwMDAwMDAwMDAwfX0=",
          "dependencies": [
            "azurerm_public_ip.jumpbox_pubip",
            "azurerm_resource_group.rg",
            "azurerm_subnet.jumpbox_subnet",
            "azurerm_virtual_network.vnet"
          ]
        }
      ]
    },
    {
      "mode": "managed",
      "type": "azurerm_network_interface_security_group_association",
      "name": "jumpbox_ass",
      "provider": "provider[\"registry.terraform.io/hashicorp/azurerm\"]",
      "instances": [
        {
          "schema_version": 0,
          "attributes": {
            "id": "/subscriptions/39438a80-f276-4b26-9c26-bd48ff8bc49c/resourceGroups/smlee-3tier/providers/Microsoft.Network/networkInterfaces/smlee-jumpbox-nic|/subscriptions/39438a80-f276-4b26-9c26-bd48ff8bc49c/resourceGroups/smlee-3tier/providers/Microsoft.Network/networkSecurityGroups/smlee-jumpbox-nsg",
            "network_interface_id": "/subscriptions/39438a80-f276-4b26-9c26-bd48ff8bc49c/resourceGroups/smlee-3tier/providers/Microsoft.Network/networkInterfaces/smlee-jumpbox-nic",
            "network_security_group_id": "/subscriptions/39438a80-f276-4b26-9c26-bd48ff8bc49c/resourceGroups/smlee-3tier/providers/Microsoft.Network/networkSecurityGroups/smlee-jumpbox-nsg",
            "timeouts": null
          },
          "sensitive_attributes": [],
          "private": "eyJlMmJmYjczMC1lY2FhLTExZTYtOGY4OC0zNDM2M2JjN2M0YzAiOnsiY3JlYXRlIjoxODAwMDAwMDAwMDAwLCJkZWxldGUiOjE4MDAwMDAwMDAwMDAsInJlYWQiOjMwMDAwMDAwMDAwMCwidXBkYXRlIjoxODAwMDAwMDAwMDAwfX0=",
          "dependencies": [
            "azurerm_virtual_network.vnet",
            "azurerm_network_interface.jumpbox_nic",
            "azurerm_network_security_group.jumpbox_nsg",
            "azurerm_public_ip.jumpbox_pubip",
            "azurerm_resource_group.rg",
            "azurerm_subnet.jumpbox_subnet"
          ]
        }
      ]
    },
    {
      "mode": "managed",
      "type": "azurerm_network_security_group",
      "name": "jumpbox_nsg",
      "provider": "provider[\"registry.terraform.io/hashicorp/azurerm\"]",
      "instances": [
        {
          "schema_version": 0,
          "attributes": {
            "id": "/subscriptions/39438a80-f276-4b26-9c26-bd48ff8bc49c/resourceGroups/smlee-3tier/providers/Microsoft.Network/networkSecurityGroups/smlee-jumpbox-nsg",
            "location": "koreacentral",
            "name": "smlee-jumpbox-nsg",
            "resource_group_name": "smlee-3tier",
            "security_rule": [
              {
                "access": "Allow",
                "description": "",
                "destination_address_prefix": "*",
                "destination_address_prefixes": [],
                "destination_application_security_group_ids": [],
                "destination_port_range": "22",
                "destination_port_ranges": [],
                "direction": "Inbound",
                "name": "SSH",
                "priority": 101,
                "protocol": "Tcp",
                "source_address_prefix": "*",
                "source_address_prefixes": [],
                "source_application_security_group_ids": [],
                "source_port_range": "*",
                "source_port_ranges": []
              }
            ],
            "tags": {},
            "timeouts": null
          },
          "sensitive_attributes": [],
          "private": "eyJlMmJmYjczMC1lY2FhLTExZTYtOGY4OC0zNDM2M2JjN2M0YzAiOnsiY3JlYXRlIjoxODAwMDAwMDAwMDAwLCJkZWxldGUiOjE4MDAwMDAwMDAwMDAsInJlYWQiOjMwMDAwMDAwMDAwMCwidXBkYXRlIjoxODAwMDAwMDAwMDAwfX0=",
          "dependencies": [
            "azurerm_resource_group.rg"
          ]
        }
      ]
    },
    {
      "mode": "managed",
      "type": "azurerm_network_security_group",
      "name": "was_nsg",
      "provider": "provider[\"registry.terraform.io/hashicorp/azurerm\"]",
      "instances": [
        {
          "schema_version": 0,
          "attributes": {
            "id": "/subscriptions/39438a80-f276-4b26-9c26-bd48ff8bc49c/resourceGroups/smlee-3tier/providers/Microsoft.Network/networkSecurityGroups/smlee-was-nsg",
            "location": "koreacentral",
            "name": "smlee-was-nsg",
            "resource_group_name": "smlee-3tier",
            "security_rule": [
              {
                "access": "Allow",
                "description": "",
                "destination_address_prefix": "*",
                "destination_address_prefixes": [],
                "destination_application_security_group_ids": [],
                "destination_port_range": "22",
                "destination_port_ranges": [],
                "direction": "Inbound",
                "name": "SSH",
                "priority": 101,
                "protocol": "Tcp",
                "source_address_prefix": "*",
                "source_address_prefixes": [],
                "source_application_security_group_ids": [],
                "source_port_range": "*",
                "source_port_ranges": []
              },
              {
                "access": "Allow",
                "description": "",
                "destination_address_prefix": "*",
                "destination_address_prefixes": [],
                "destination_application_security_group_ids": [],
                "destination_port_range": "8009",
                "destination_port_ranges": [],
                "direction": "Inbound",
                "name": "Ajp",
                "priority": 104,
                "protocol": "Tcp",
                "source_address_prefix": "*",
                "source_address_prefixes": [],
                "source_application_security_group_ids": [],
                "source_port_range": "*",
                "source_port_ranges": []
              }
            ],
            "tags": {},
            "timeouts": null
          },
          "sensitive_attributes": [],
          "private": "eyJlMmJmYjczMC1lY2FhLTExZTYtOGY4OC0zNDM2M2JjN2M0YzAiOnsiY3JlYXRlIjoxODAwMDAwMDAwMDAwLCJkZWxldGUiOjE4MDAwMDAwMDAwMDAsInJlYWQiOjMwMDAwMDAwMDAwMCwidXBkYXRlIjoxODAwMDAwMDAwMDAwfX0=",
          "dependencies": [
            "azurerm_resource_group.rg"
          ]
        }
      ]
    },
    {
      "mode": "managed",
      "type": "azurerm_network_security_group",
      "name": "web_nsg",
      "provider": "provider[\"registry.terraform.io/hashicorp/azurerm\"]",
      "instances": [
        {
          "schema_version": 0,
          "attributes": {
            "id": "/subscriptions/39438a80-f276-4b26-9c26-bd48ff8bc49c/resourceGroups/smlee-3tier/providers/Microsoft.Network/networkSecurityGroups/smlee-web-nsg",
            "location": "koreacentral",
            "name": "smlee-web-nsg",
            "resource_group_name": "smlee-3tier",
            "security_rule": [
              {
                "access": "Allow",
                "description": "",
                "destination_address_prefix": "*",
                "destination_address_prefixes": [],
                "destination_application_security_group_ids": [],
                "destination_port_range": "22",
                "destination_port_ranges": [],
                "direction": "Inbound",
                "name": "SSH",
                "priority": 101,
                "protocol": "Tcp",
                "source_address_prefix": "*",
                "source_address_prefixes": [],
                "source_application_security_group_ids": [],
                "source_port_range": "*",
                "source_port_ranges": []
              },
              {
                "access": "Allow",
                "description": "",
                "destination_address_prefix": "*",
                "destination_address_prefixes": [],
                "destination_application_security_group_ids": [],
                "destination_port_range": "443",
                "destination_port_ranges": [],
                "direction": "Inbound",
                "name": "HTTPS",
                "priority": 102,
                "protocol": "Tcp",
                "source_address_prefix": "*",
                "source_address_prefixes": [],
                "source_application_security_group_ids": [],
                "source_port_range": "*",
                "source_port_ranges": []
              }
            ],
            "tags": {},
            "timeouts": null
          },
          "sensitive_attributes": [],
          "private": "eyJlMmJmYjczMC1lY2FhLTExZTYtOGY4OC0zNDM2M2JjN2M0YzAiOnsiY3JlYXRlIjoxODAwMDAwMDAwMDAwLCJkZWxldGUiOjE4MDAwMDAwMDAwMDAsInJlYWQiOjMwMDAwMDAwMDAwMCwidXBkYXRlIjoxODAwMDAwMDAwMDAwfX0=",
          "dependencies": [
            "azurerm_resource_group.rg"
          ]
        }
      ]
    },
    {
      "mode": "managed",
      "type": "azurerm_private_dns_zone",
      "name": "private_dns_zone",
      "provider": "provider[\"registry.terraform.io/hashicorp/azurerm\"]",
      "instances": [
        {
          "schema_version": 0,
          "attributes": {
            "id": "/subscriptions/39438a80-f276-4b26-9c26-bd48ff8bc49c/resourceGroups/smlee-3tier/providers/Microsoft.Network/privateDnsZones/privatelink.mysql.database.azure.com",
            "max_number_of_record_sets": 25000,
            "max_number_of_virtual_network_links": 1000,
            "max_number_of_virtual_network_links_with_registration": 100,
            "name": "privatelink.mysql.database.azure.com",
            "number_of_record_sets": 3,
            "resource_group_name": "smlee-3tier",
            "soa_record": [
              {
                "email": "azureprivatedns-host.microsoft.com",
                "expire_time": 2419200,
                "fqdn": "privatelink.mysql.database.azure.com.",
                "host_name": "azureprivatedns.net",
                "minimum_ttl": 10,
                "refresh_time": 3600,
                "retry_time": 300,
                "serial_number": 1,
                "tags": {},
                "ttl": 3600
              }
            ],
            "tags": {},
            "timeouts": null
          },
          "sensitive_attributes": [],
          "private": "eyJlMmJmYjczMC1lY2FhLTExZTYtOGY4OC0zNDM2M2JjN2M0YzAiOnsiY3JlYXRlIjoxODAwMDAwMDAwMDAwLCJkZWxldGUiOjE4MDAwMDAwMDAwMDAsInJlYWQiOjMwMDAwMDAwMDAwMCwidXBkYXRlIjoxODAwMDAwMDAwMDAwfX0=",
          "dependencies": [
            "azurerm_resource_group.rg"
          ]
        }
      ]
    },
    {
      "mode": "managed",
      "type": "azurerm_private_dns_zone_virtual_network_link",
      "name": "dnslink",
      "provider": "provider[\"registry.terraform.io/hashicorp/azurerm\"]",
      "instances": [
        {
          "schema_version": 0,
          "attributes": {
            "id": "/subscriptions/39438a80-f276-4b26-9c26-bd48ff8bc49c/resourceGroups/smlee-3tier/providers/Microsoft.Network/privateDnsZones/privatelink.mysql.database.azure.com/virtualNetworkLinks/smlee-dnslink",
            "name": "smlee-dnslink",
            "private_dns_zone_name": "privatelink.mysql.database.azure.com",
            "registration_enabled": false,
            "resource_group_name": "smlee-3tier",
            "tags": {},
            "timeouts": null,
            "virtual_network_id": "/subscriptions/39438a80-f276-4b26-9c26-bd48ff8bc49c/resourceGroups/smlee-3tier/providers/Microsoft.Network/virtualNetworks/smlee-vnet"
          },
          "sensitive_attributes": [],
          "private": "eyJlMmJmYjczMC1lY2FhLTExZTYtOGY4OC0zNDM2M2JjN2M0YzAiOnsiY3JlYXRlIjoxODAwMDAwMDAwMDAwLCJkZWxldGUiOjE4MDAwMDAwMDAwMDAsInJlYWQiOjMwMDAwMDAwMDAwMCwidXBkYXRlIjoxODAwMDAwMDAwMDAwfX0=",
          "dependencies": [
            "azurerm_private_dns_zone.private_dns_zone",
            "azurerm_resource_group.rg",
            "azurerm_virtual_network.vnet"
          ]
        }
      ]
    },
    {
      "mode": "managed",
      "type": "azurerm_private_endpoint",
      "name": "private_endpoint",
      "provider": "provider[\"registry.terraform.io/hashicorp/azurerm\"]",
      "instances": [
        {
          "schema_version": 0,
          "attributes": {
            "custom_dns_configs": [],
            "id": "/subscriptions/39438a80-f276-4b26-9c26-bd48ff8bc49c/resourceGroups/smlee-3tier/providers/Microsoft.Network/privateEndpoints/smlee-private-endpoint",
            "location": "koreacentral",
            "name": "smlee-private-endpoint",
            "network_interface": [
              {
                "id": "/subscriptions/39438a80-f276-4b26-9c26-bd48ff8bc49c/resourceGroups/smlee-3tier/providers/Microsoft.Network/networkInterfaces/smlee-private-endpoint.nic.f32bd7b4-f2a7-48b6-b3ff-b8d8dbd018a2",
                "name": "smlee-private-endpoint.nic.f32bd7b4-f2a7-48b6-b3ff-b8d8dbd018a2"
              }
            ],
            "private_dns_zone_configs": [
              {
                "id": "/subscriptions/39438a80-f276-4b26-9c26-bd48ff8bc49c/resourceGroups/smlee-3tier/providers/Microsoft.Network/privateEndpoints/smlee-private-endpoint/privateDnsZoneGroups/privatednszonegroup/privateDnsZoneConfigs/privatelink.mysql.database.azure.com",
                "name": "privatelink.mysql.database.azure.com",
                "private_dns_zone_id": "/subscriptions/39438a80-f276-4b26-9c26-bd48ff8bc49c/resourceGroups/smlee-3tier/providers/Microsoft.Network/privateDnsZones/privatelink.mysql.database.azure.com",
                "record_sets": [
                  {
                    "fqdn": "smlee-mysql.privatelink.mysql.database.azure.com",
                    "ip_addresses": [
                      "10.0.3.4"
                    ],
                    "name": "smlee-mysql",
                    "ttl": 10,
                    "type": "A"
                  }
                ]
              }
            ],
            "private_dns_zone_group": [
              {
                "id": "/subscriptions/39438a80-f276-4b26-9c26-bd48ff8bc49c/resourceGroups/smlee-3tier/providers/Microsoft.Network/privateEndpoints/smlee-private-endpoint/privateDnsZoneGroups/privatednszonegroup",
                "name": "privatednszonegroup",
                "private_dns_zone_ids": [
                  "/subscriptions/39438a80-f276-4b26-9c26-bd48ff8bc49c/resourceGroups/smlee-3tier/providers/Microsoft.Network/privateDnsZones/privatelink.mysql.database.azure.com"
                ]
              }
            ],
            "private_service_connection": [
              {
                "is_manual_connection": false,
                "name": "privateendpointconnection",
                "private_connection_resource_alias": "",
                "private_connection_resource_id": "/subscriptions/39438a80-f276-4b26-9c26-bd48ff8bc49c/resourceGroups/smlee-3tier/providers/Microsoft.DBforMySQL/servers/smlee-mysql",
                "private_ip_address": "10.0.3.4",
                "request_message": "",
                "subresource_names": [
                  "mysqlServer"
                ]
              }
            ],
            "resource_group_name": "smlee-3tier",
            "subnet_id": "/subscriptions/39438a80-f276-4b26-9c26-bd48ff8bc49c/resourceGroups/smlee-3tier/providers/Microsoft.Network/virtualNetworks/smlee-vnet/subnets/smlee-db-subnet",
            "tags": {},
            "timeouts": null
          },
          "sensitive_attributes": [],
          "private": "eyJlMmJmYjczMC1lY2FhLTExZTYtOGY4OC0zNDM2M2JjN2M0YzAiOnsiY3JlYXRlIjozNjAwMDAwMDAwMDAwLCJkZWxldGUiOjM2MDAwMDAwMDAwMDAsInJlYWQiOjMwMDAwMDAwMDAwMCwidXBkYXRlIjozNjAwMDAwMDAwMDAwfX0=",
          "dependencies": [
            "azurerm_mysql_server.mysql",
            "azurerm_private_dns_zone.private_dns_zone",
            "azurerm_resource_group.rg",
            "azurerm_subnet.db_subnet",
            "azurerm_virtual_network.vnet"
          ]
        }
      ]
    },
    {
      "mode": "managed",
      "type": "azurerm_private_endpoint",
      "name": "replica_private_endpoint",
      "provider": "provider[\"registry.terraform.io/hashicorp/azurerm\"]",
      "instances": [
        {
          "schema_version": 0,
          "attributes": {
            "custom_dns_configs": [],
            "id": "/subscriptions/39438a80-f276-4b26-9c26-bd48ff8bc49c/resourceGroups/smlee-3tier/providers/Microsoft.Network/privateEndpoints/smlee_replica_private_endpoint",
            "location": "koreacentral",
            "name": "smlee_replica_private_endpoint",
            "network_interface": [
              {
                "id": "/subscriptions/39438a80-f276-4b26-9c26-bd48ff8bc49c/resourceGroups/smlee-3tier/providers/Microsoft.Network/networkInterfaces/smlee_replica_private_endpoint.nic.6861fde9-0f54-4fcc-8049-81b89ebbbfc4",
                "name": "smlee_replica_private_endpoint.nic.6861fde9-0f54-4fcc-8049-81b89ebbbfc4"
              }
            ],
            "private_dns_zone_configs": [
              {
                "id": "/subscriptions/39438a80-f276-4b26-9c26-bd48ff8bc49c/resourceGroups/smlee-3tier/providers/Microsoft.Network/privateEndpoints/smlee_replica_private_endpoint/privateDnsZoneGroups/privatednszonegroup/privateDnsZoneConfigs/privatelink.mysql.database.azure.com",
                "name": "privatelink.mysql.database.azure.com",
                "private_dns_zone_id": "/subscriptions/39438a80-f276-4b26-9c26-bd48ff8bc49c/resourceGroups/smlee-3tier/providers/Microsoft.Network/privateDnsZones/privatelink.mysql.database.azure.com",
                "record_sets": [
                  {
                    "fqdn": "smlee-mysql-replica.privatelink.mysql.database.azure.com",
                    "ip_addresses": [
                      "10.0.3.5"
                    ],
                    "name": "smlee-mysql-replica",
                    "ttl": 10,
                    "type": "A"
                  }
                ]
              }
            ],
            "private_dns_zone_group": [
              {
                "id": "/subscriptions/39438a80-f276-4b26-9c26-bd48ff8bc49c/resourceGroups/smlee-3tier/providers/Microsoft.Network/privateEndpoints/smlee_replica_private_endpoint/privateDnsZoneGroups/privatednszonegroup",
                "name": "privatednszonegroup",
                "private_dns_zone_ids": [
                  "/subscriptions/39438a80-f276-4b26-9c26-bd48ff8bc49c/resourceGroups/smlee-3tier/providers/Microsoft.Network/privateDnsZones/privatelink.mysql.database.azure.com"
                ]
              }
            ],
            "private_service_connection": [
              {
                "is_manual_connection": false,
                "name": "privateendpointconnection",
                "private_connection_resource_alias": "",
                "private_connection_resource_id": "/subscriptions/39438a80-f276-4b26-9c26-bd48ff8bc49c/resourceGroups/smlee-3tier/providers/Microsoft.DBforMySQL/servers/smlee-mysql-replica",
                "private_ip_address": "10.0.3.5",
                "request_message": "",
                "subresource_names": [
                  "mysqlServer"
                ]
              }
            ],
            "resource_group_name": "smlee-3tier",
            "subnet_id": "/subscriptions/39438a80-f276-4b26-9c26-bd48ff8bc49c/resourceGroups/smlee-3tier/providers/Microsoft.Network/virtualNetworks/smlee-vnet/subnets/smlee-db-subnet",
            "tags": {},
            "timeouts": null
          },
          "sensitive_attributes": [],
          "private": "eyJlMmJmYjczMC1lY2FhLTExZTYtOGY4OC0zNDM2M2JjN2M0YzAiOnsiY3JlYXRlIjozNjAwMDAwMDAwMDAwLCJkZWxldGUiOjM2MDAwMDAwMDAwMDAsInJlYWQiOjMwMDAwMDAwMDAwMCwidXBkYXRlIjozNjAwMDAwMDAwMDAwfX0=",
          "dependencies": [
            "azurerm_mysql_server.mysql",
            "azurerm_mysql_server.mysql_replica",
            "azurerm_private_dns_zone.private_dns_zone",
            "azurerm_resource_group.rg",
            "azurerm_subnet.db_subnet",
            "azurerm_virtual_network.vnet"
          ]
        }
      ]
    },
    {
      "mode": "managed",
      "type": "azurerm_public_ip",
      "name": "appgw_pubip",
      "provider": "provider[\"registry.terraform.io/hashicorp/azurerm\"]",
      "instances": [
        {
          "schema_version": 0,
          "attributes": {
            "allocation_method": "Static",
            "availability_zone": "Zone-Redundant",
            "domain_name_label": null,
            "fqdn": null,
            "id": "/subscriptions/39438a80-f276-4b26-9c26-bd48ff8bc49c/resourceGroups/smlee-3tier/providers/Microsoft.Network/publicIPAddresses/smlee-appgw-pubip",
            "idle_timeout_in_minutes": 4,
            "ip_address": "20.200.243.48",
            "ip_tags": {},
            "ip_version": "IPv4",
            "location": "koreacentral",
            "name": "smlee-appgw-pubip",
            "public_ip_prefix_id": null,
            "resource_group_name": "smlee-3tier",
            "reverse_fqdn": null,
            "sku": "Standard",
            "sku_tier": "Regional",
            "tags": {},
            "timeouts": null,
            "zones": []
          },
          "sensitive_attributes": [],
          "private": "eyJlMmJmYjczMC1lY2FhLTExZTYtOGY4OC0zNDM2M2JjN2M0YzAiOnsiY3JlYXRlIjoxODAwMDAwMDAwMDAwLCJkZWxldGUiOjE4MDAwMDAwMDAwMDAsInJlYWQiOjMwMDAwMDAwMDAwMCwidXBkYXRlIjoxODAwMDAwMDAwMDAwfX0=",
          "dependencies": [
            "azurerm_resource_group.rg"
          ]
        }
      ]
    },
    {
      "mode": "managed",
      "type": "azurerm_public_ip",
      "name": "jumpbox_pubip",
      "provider": "provider[\"registry.terraform.io/hashicorp/azurerm\"]",
      "instances": [
        {
          "schema_version": 0,
          "attributes": {
            "allocation_method": "Static",
            "availability_zone": "Zone-Redundant",
            "domain_name_label": null,
            "fqdn": null,
            "id": "/subscriptions/39438a80-f276-4b26-9c26-bd48ff8bc49c/resourceGroups/smlee-3tier/providers/Microsoft.Network/publicIPAddresses/smlee-jumpbox-pubip",
            "idle_timeout_in_minutes": 4,
            "ip_address": "20.200.243.3",
            "ip_tags": {},
            "ip_version": "IPv4",
            "location": "koreacentral",
            "name": "smlee-jumpbox-pubip",
            "public_ip_prefix_id": null,
            "resource_group_name": "smlee-3tier",
            "reverse_fqdn": null,
            "sku": "Standard",
            "sku_tier": "Regional",
            "tags": {},
            "timeouts": null,
            "zones": []
          },
          "sensitive_attributes": [],
          "private": "eyJlMmJmYjczMC1lY2FhLTExZTYtOGY4OC0zNDM2M2JjN2M0YzAiOnsiY3JlYXRlIjoxODAwMDAwMDAwMDAwLCJkZWxldGUiOjE4MDAwMDAwMDAwMDAsInJlYWQiOjMwMDAwMDAwMDAwMCwidXBkYXRlIjoxODAwMDAwMDAwMDAwfX0=",
          "dependencies": [
            "azurerm_resource_group.rg"
          ]
        }
      ]
    },
    {
      "mode": "managed",
      "type": "azurerm_public_ip",
      "name": "natgw_pubip",
      "provider": "provider[\"registry.terraform.io/hashicorp/azurerm\"]",
      "instances": [
        {
          "schema_version": 0,
          "attributes": {
            "allocation_method": "Static",
            "availability_zone": "1",
            "domain_name_label": null,
            "fqdn": null,
            "id": "/subscriptions/39438a80-f276-4b26-9c26-bd48ff8bc49c/resourceGroups/smlee-3tier/providers/Microsoft.Network/publicIPAddresses/ismlee-natgw_pubip",
            "idle_timeout_in_minutes": 4,
            "ip_address": "40.82.156.154",
            "ip_tags": {},
            "ip_version": "IPv4",
            "location": "koreacentral",
            "name": "ismlee-natgw_pubip",
            "public_ip_prefix_id": null,
            "resource_group_name": "smlee-3tier",
            "reverse_fqdn": null,
            "sku": "Standard",
            "sku_tier": "Regional",
            "tags": {},
            "timeouts": null,
            "zones": [
              "1"
            ]
          },
          "sensitive_attributes": [],
          "private": "eyJlMmJmYjczMC1lY2FhLTExZTYtOGY4OC0zNDM2M2JjN2M0YzAiOnsiY3JlYXRlIjoxODAwMDAwMDAwMDAwLCJkZWxldGUiOjE4MDAwMDAwMDAwMDAsInJlYWQiOjMwMDAwMDAwMDAwMCwidXBkYXRlIjoxODAwMDAwMDAwMDAwfX0=",
          "dependencies": [
            "azurerm_resource_group.rg"
          ]
        }
      ]
    },
    {
      "mode": "managed",
      "type": "azurerm_resource_group",
      "name": "rg",
      "provider": "provider[\"registry.terraform.io/hashicorp/azurerm\"]",
      "instances": [
        {
          "schema_version": 0,
          "attributes": {
            "id": "/subscriptions/39438a80-f276-4b26-9c26-bd48ff8bc49c/resourceGroups/smlee-3tier",
            "location": "koreacentral",
            "name": "smlee-3tier",
            "tags": {},
            "timeouts": null
          },
          "sensitive_attributes": [],
          "private": "eyJlMmJmYjczMC1lY2FhLTExZTYtOGY4OC0zNDM2M2JjN2M0YzAiOnsiY3JlYXRlIjo1NDAwMDAwMDAwMDAwLCJkZWxldGUiOjU0MDAwMDAwMDAwMDAsInJlYWQiOjMwMDAwMDAwMDAwMCwidXBkYXRlIjo1NDAwMDAwMDAwMDAwfX0="
        }
      ]
    },
    {
      "mode": "managed",
      "type": "azurerm_subnet",
      "name": "appgw_subnet",
      "provider": "provider[\"registry.terraform.io/hashicorp/azurerm\"]",
      "instances": [
        {
          "schema_version": 0,
          "attributes": {
            "address_prefix": "10.0.1.0/28",
            "address_prefixes": [
              "10.0.1.0/28"
            ],
            "delegation": [],
            "enforce_private_link_endpoint_network_policies": false,
            "enforce_private_link_service_network_policies": false,
            "id": "/subscriptions/39438a80-f276-4b26-9c26-bd48ff8bc49c/resourceGroups/smlee-3tier/providers/Microsoft.Network/virtualNetworks/smlee-vnet/subnets/smlee-appgw-subnet",
            "name": "smlee-appgw-subnet",
            "resource_group_name": "smlee-3tier",
            "service_endpoint_policy_ids": [],
            "service_endpoints": [],
            "timeouts": null,
            "virtual_network_name": "smlee-vnet"
          },
          "sensitive_attributes": [],
          "private": "eyJlMmJmYjczMC1lY2FhLTExZTYtOGY4OC0zNDM2M2JjN2M0YzAiOnsiY3JlYXRlIjoxODAwMDAwMDAwMDAwLCJkZWxldGUiOjE4MDAwMDAwMDAwMDAsInJlYWQiOjMwMDAwMDAwMDAwMCwidXBkYXRlIjoxODAwMDAwMDAwMDAwfX0=",
          "dependencies": [
            "azurerm_virtual_network.vnet",
            "azurerm_resource_group.rg"
          ]
        }
      ]
    },
    {
      "mode": "managed",
      "type": "azurerm_subnet",
      "name": "db_subnet",
      "provider": "provider[\"registry.terraform.io/hashicorp/azurerm\"]",
      "instances": [
        {
          "schema_version": 0,
          "attributes": {
            "address_prefix": "10.0.3.0/29",
            "address_prefixes": [
              "10.0.3.0/29"
            ],
            "delegation": [],
            "enforce_private_link_endpoint_network_policies": true,
            "enforce_private_link_service_network_policies": false,
            "id": "/subscriptions/39438a80-f276-4b26-9c26-bd48ff8bc49c/resourceGroups/smlee-3tier/providers/Microsoft.Network/virtualNetworks/smlee-vnet/subnets/smlee-db-subnet",
            "name": "smlee-db-subnet",
            "resource_group_name": "smlee-3tier",
            "service_endpoint_policy_ids": [],
            "service_endpoints": [],
            "timeouts": null,
            "virtual_network_name": "smlee-vnet"
          },
          "sensitive_attributes": [],
          "private": "eyJlMmJmYjczMC1lY2FhLTExZTYtOGY4OC0zNDM2M2JjN2M0YzAiOnsiY3JlYXRlIjoxODAwMDAwMDAwMDAwLCJkZWxldGUiOjE4MDAwMDAwMDAwMDAsInJlYWQiOjMwMDAwMDAwMDAwMCwidXBkYXRlIjoxODAwMDAwMDAwMDAwfX0=",
          "dependencies": [
            "azurerm_resource_group.rg",
            "azurerm_virtual_network.vnet"
          ]
        }
      ]
    },
    {
      "mode": "managed",
      "type": "azurerm_subnet",
      "name": "jumpbox_subnet",
      "provider": "provider[\"registry.terraform.io/hashicorp/azurerm\"]",
      "instances": [
        {
          "schema_version": 0,
          "attributes": {
            "address_prefix": "10.0.4.0/29",
            "address_prefixes": [
              "10.0.4.0/29"
            ],
            "delegation": [],
            "enforce_private_link_endpoint_network_policies": false,
            "enforce_private_link_service_network_policies": false,
            "id": "/subscriptions/39438a80-f276-4b26-9c26-bd48ff8bc49c/resourceGroups/smlee-3tier/providers/Microsoft.Network/virtualNetworks/smlee-vnet/subnets/smlee-jumpbox-subnet",
            "name": "smlee-jumpbox-subnet",
            "resource_group_name": "smlee-3tier",
            "service_endpoint_policy_ids": [],
            "service_endpoints": [],
            "timeouts": null,
            "virtual_network_name": "smlee-vnet"
          },
          "sensitive_attributes": [],
          "private": "eyJlMmJmYjczMC1lY2FhLTExZTYtOGY4OC0zNDM2M2JjN2M0YzAiOnsiY3JlYXRlIjoxODAwMDAwMDAwMDAwLCJkZWxldGUiOjE4MDAwMDAwMDAwMDAsInJlYWQiOjMwMDAwMDAwMDAwMCwidXBkYXRlIjoxODAwMDAwMDAwMDAwfX0=",
          "dependencies": [
            "azurerm_resource_group.rg",
            "azurerm_virtual_network.vnet"
          ]
        }
      ]
    },
    {
      "mode": "managed",
      "type": "azurerm_subnet",
      "name": "lb_subnet",
      "provider": "provider[\"registry.terraform.io/hashicorp/azurerm\"]",
      "instances": [
        {
          "schema_version": 0,
          "attributes": {
            "address_prefix": "10.0.2.0/29",
            "address_prefixes": [
              "10.0.2.0/29"
            ],
            "delegation": [],
            "enforce_private_link_endpoint_network_policies": false,
            "enforce_private_link_service_network_policies": false,
            "id": "/subscriptions/39438a80-f276-4b26-9c26-bd48ff8bc49c/resourceGroups/smlee-3tier/providers/Microsoft.Network/virtualNetworks/smlee-vnet/subnets/smlee-lb-subnet",
            "name": "smlee-lb-subnet",
            "resource_group_name": "smlee-3tier",
            "service_endpoint_policy_ids": [],
            "service_endpoints": [],
            "timeouts": null,
            "virtual_network_name": "smlee-vnet"
          },
          "sensitive_attributes": [],
          "private": "eyJlMmJmYjczMC1lY2FhLTExZTYtOGY4OC0zNDM2M2JjN2M0YzAiOnsiY3JlYXRlIjoxODAwMDAwMDAwMDAwLCJkZWxldGUiOjE4MDAwMDAwMDAwMDAsInJlYWQiOjMwMDAwMDAwMDAwMCwidXBkYXRlIjoxODAwMDAwMDAwMDAwfX0=",
          "dependencies": [
            "azurerm_resource_group.rg",
            "azurerm_virtual_network.vnet"
          ]
        }
      ]
    },
    {
      "mode": "managed",
      "type": "azurerm_subnet",
      "name": "was_subnet",
      "provider": "provider[\"registry.terraform.io/hashicorp/azurerm\"]",
      "instances": [
        {
          "schema_version": 0,
          "attributes": {
            "address_prefix": "10.0.20.0/28",
            "address_prefixes": [
              "10.0.20.0/28"
            ],
            "delegation": [],
            "enforce_private_link_endpoint_network_policies": false,
            "enforce_private_link_service_network_policies": false,
            "id": "/subscriptions/39438a80-f276-4b26-9c26-bd48ff8bc49c/resourceGroups/smlee-3tier/providers/Microsoft.Network/virtualNetworks/smlee-vnet/subnets/smlee-was-subnet",
            "name": "smlee-was-subnet",
            "resource_group_name": "smlee-3tier",
            "service_endpoint_policy_ids": [],
            "service_endpoints": [],
            "timeouts": null,
            "virtual_network_name": "smlee-vnet"
          },
          "sensitive_attributes": [],
          "private": "eyJlMmJmYjczMC1lY2FhLTExZTYtOGY4OC0zNDM2M2JjN2M0YzAiOnsiY3JlYXRlIjoxODAwMDAwMDAwMDAwLCJkZWxldGUiOjE4MDAwMDAwMDAwMDAsInJlYWQiOjMwMDAwMDAwMDAwMCwidXBkYXRlIjoxODAwMDAwMDAwMDAwfX0=",
          "dependencies": [
            "azurerm_resource_group.rg",
            "azurerm_virtual_network.vnet"
          ]
        }
      ]
    },
    {
      "mode": "managed",
      "type": "azurerm_subnet",
      "name": "web_subnet",
      "provider": "provider[\"registry.terraform.io/hashicorp/azurerm\"]",
      "instances": [
        {
          "schema_version": 0,
          "attributes": {
            "address_prefix": "10.0.10.0/28",
            "address_prefixes": [
              "10.0.10.0/28"
            ],
            "delegation": [],
            "enforce_private_link_endpoint_network_policies": false,
            "enforce_private_link_service_network_policies": false,
            "id": "/subscriptions/39438a80-f276-4b26-9c26-bd48ff8bc49c/resourceGroups/smlee-3tier/providers/Microsoft.Network/virtualNetworks/smlee-vnet/subnets/smlee-web-subnet",
            "name": "smlee-web-subnet",
            "resource_group_name": "smlee-3tier",
            "service_endpoint_policy_ids": [],
            "service_endpoints": [],
            "timeouts": null,
            "virtual_network_name": "smlee-vnet"
          },
          "sensitive_attributes": [],
          "private": "eyJlMmJmYjczMC1lY2FhLTExZTYtOGY4OC0zNDM2M2JjN2M0YzAiOnsiY3JlYXRlIjoxODAwMDAwMDAwMDAwLCJkZWxldGUiOjE4MDAwMDAwMDAwMDAsInJlYWQiOjMwMDAwMDAwMDAwMCwidXBkYXRlIjoxODAwMDAwMDAwMDAwfX0=",
          "dependencies": [
            "azurerm_resource_group.rg",
            "azurerm_virtual_network.vnet"
          ]
        }
      ]
    },
    {
      "mode": "managed",
      "type": "azurerm_subnet_nat_gateway_association",
      "name": "natgw_ass",
      "provider": "provider[\"registry.terraform.io/hashicorp/azurerm\"]",
      "instances": [
        {
          "schema_version": 0,
          "attributes": {
            "id": "/subscriptions/39438a80-f276-4b26-9c26-bd48ff8bc49c/resourceGroups/smlee-3tier/providers/Microsoft.Network/virtualNetworks/smlee-vnet/subnets/smlee-was-subnet",
            "nat_gateway_id": "/subscriptions/39438a80-f276-4b26-9c26-bd48ff8bc49c/resourceGroups/smlee-3tier/providers/Microsoft.Network/natGateways/smlee-natgw",
            "subnet_id": "/subscriptions/39438a80-f276-4b26-9c26-bd48ff8bc49c/resourceGroups/smlee-3tier/providers/Microsoft.Network/virtualNetworks/smlee-vnet/subnets/smlee-was-subnet",
            "timeouts": null
          },
          "sensitive_attributes": [],
          "private": "eyJlMmJmYjczMC1lY2FhLTExZTYtOGY4OC0zNDM2M2JjN2M0YzAiOnsiY3JlYXRlIjoxODAwMDAwMDAwMDAwLCJkZWxldGUiOjE4MDAwMDAwMDAwMDAsInJlYWQiOjMwMDAwMDAwMDAwMCwidXBkYXRlIjoxODAwMDAwMDAwMDAwfX0=",
          "dependencies": [
            "azurerm_nat_gateway.natgw",
            "azurerm_resource_group.rg",
            "azurerm_subnet.was_subnet",
            "azurerm_virtual_network.vnet"
          ]
        }
      ]
    },
    {
      "mode": "managed",
      "type": "azurerm_subnet_network_security_group_association",
      "name": "was_ass",
      "provider": "provider[\"registry.terraform.io/hashicorp/azurerm\"]",
      "instances": [
        {
          "schema_version": 0,
          "attributes": {
            "id": "/subscriptions/39438a80-f276-4b26-9c26-bd48ff8bc49c/resourceGroups/smlee-3tier/providers/Microsoft.Network/virtualNetworks/smlee-vnet/subnets/smlee-was-subnet",
            "network_security_group_id": "/subscriptions/39438a80-f276-4b26-9c26-bd48ff8bc49c/resourceGroups/smlee-3tier/providers/Microsoft.Network/networkSecurityGroups/smlee-was-nsg",
            "subnet_id": "/subscriptions/39438a80-f276-4b26-9c26-bd48ff8bc49c/resourceGroups/smlee-3tier/providers/Microsoft.Network/virtualNetworks/smlee-vnet/subnets/smlee-was-subnet",
            "timeouts": null
          },
          "sensitive_attributes": [],
          "private": "eyJlMmJmYjczMC1lY2FhLTExZTYtOGY4OC0zNDM2M2JjN2M0YzAiOnsiY3JlYXRlIjoxODAwMDAwMDAwMDAwLCJkZWxldGUiOjE4MDAwMDAwMDAwMDAsInJlYWQiOjMwMDAwMDAwMDAwMCwidXBkYXRlIjoxODAwMDAwMDAwMDAwfX0=",
          "dependencies": [
            "azurerm_resource_group.rg",
            "azurerm_subnet.was_subnet",
            "azurerm_virtual_network.vnet",
            "azurerm_network_security_group.was_nsg"
          ]
        }
      ]
    },
    {
      "mode": "managed",
      "type": "azurerm_subnet_network_security_group_association",
      "name": "web_ass",
      "provider": "provider[\"registry.terraform.io/hashicorp/azurerm\"]",
      "instances": [
        {
          "schema_version": 0,
          "attributes": {
            "id": "/subscriptions/39438a80-f276-4b26-9c26-bd48ff8bc49c/resourceGroups/smlee-3tier/providers/Microsoft.Network/virtualNetworks/smlee-vnet/subnets/smlee-web-subnet",
            "network_security_group_id": "/subscriptions/39438a80-f276-4b26-9c26-bd48ff8bc49c/resourceGroups/smlee-3tier/providers/Microsoft.Network/networkSecurityGroups/smlee-web-nsg",
            "subnet_id": "/subscriptions/39438a80-f276-4b26-9c26-bd48ff8bc49c/resourceGroups/smlee-3tier/providers/Microsoft.Network/virtualNetworks/smlee-vnet/subnets/smlee-web-subnet",
            "timeouts": null
          },
          "sensitive_attributes": [],
          "private": "eyJlMmJmYjczMC1lY2FhLTExZTYtOGY4OC0zNDM2M2JjN2M0YzAiOnsiY3JlYXRlIjoxODAwMDAwMDAwMDAwLCJkZWxldGUiOjE4MDAwMDAwMDAwMDAsInJlYWQiOjMwMDAwMDAwMDAwMCwidXBkYXRlIjoxODAwMDAwMDAwMDAwfX0=",
          "dependencies": [
            "azurerm_network_security_group.web_nsg",
            "azurerm_resource_group.rg",
            "azurerm_subnet.web_subnet",
            "azurerm_virtual_network.vnet"
          ]
        }
      ]
    },
    {
      "mode": "managed",
      "type": "azurerm_virtual_machine_extension",
      "name": "jumpbox_ex",
      "provider": "provider[\"registry.terraform.io/hashicorp/azurerm\"]",
      "instances": [
        {
          "schema_version": 0,
          "attributes": {
            "auto_upgrade_minor_version": false,
            "automatic_upgrade_enabled": false,
            "id": "/subscriptions/39438a80-f276-4b26-9c26-bd48ff8bc49c/resourceGroups/smlee-3tier/providers/Microsoft.Compute/virtualMachines/smlee-jumpbox/extensions/smlee-jumpbox-ex",
            "name": "smlee-jumpbox-ex",
            "protected_settings": null,
            "publisher": "Microsoft.Azure.Extensions",
            "settings": "{\"script\":\"IyEgL2Jpbi9iYXNoDQpzZXRlbmZvcmNlIDANCnNlZCAtaSAncy9eU0VMSU5VWD1lbmZvcmNpbmckL1NFTElOVVg9cGVybWlzc2l2ZS8nIC9ldGMvc2VsaW51eC9jb25maWcNCnN5c3RlbWN0bCBkaXNhYmxlIC0tbm93IGZpcmV3YWxsZA0Kcm0gLWYgL2V0Yy9sb2NhbHRpbWUNCmxuIC1zIC91c3Ivc2hhcmUvem9uZWluZm8vQXNpYS9TZW91bCAvZXRjL2xvY2FsdGltZQ0KY2F0ID4gLnZpbXJjIDw8IEVPRg0Kc2V0IHBhc3RlDQpFT0Y=\"}",
            "tags": {},
            "timeouts": null,
            "type": "CustomScript",
            "type_handler_version": "2.1",
            "virtual_machine_id": "/subscriptions/39438a80-f276-4b26-9c26-bd48ff8bc49c/resourceGroups/smlee-3tier/providers/Microsoft.Compute/virtualMachines/smlee-jumpbox"
          },
          "sensitive_attributes": [],
          "private": "eyJlMmJmYjczMC1lY2FhLTExZTYtOGY4OC0zNDM2M2JjN2M0YzAiOnsiY3JlYXRlIjoxODAwMDAwMDAwMDAwLCJkZWxldGUiOjE4MDAwMDAwMDAwMDAsInJlYWQiOjMwMDAwMDAwMDAwMCwidXBkYXRlIjoxODAwMDAwMDAwMDAwfX0=",
          "dependencies": [
            "azurerm_network_interface.jumpbox_nic",
            "azurerm_public_ip.jumpbox_pubip",
            "azurerm_resource_group.rg",
            "azurerm_subnet.jumpbox_subnet",
            "azurerm_virtual_network.vnet",
            "azurerm_linux_virtual_machine.jumpbox"
          ]
        }
      ]
    },
    {
      "mode": "managed",
      "type": "azurerm_virtual_network",
      "name": "vnet",
      "provider": "provider[\"registry.terraform.io/hashicorp/azurerm\"]",
      "instances": [
        {
          "schema_version": 0,
          "attributes": {
            "address_space": [
              "10.0.0.0/16"
            ],
            "bgp_community": "",
            "ddos_protection_plan": [],
            "dns_servers": [],
            "flow_timeout_in_minutes": 0,
            "guid": "98399f60-a5a7-4c1d-b454-9bc475c0943e",
            "id": "/subscriptions/39438a80-f276-4b26-9c26-bd48ff8bc49c/resourceGroups/smlee-3tier/providers/Microsoft.Network/virtualNetworks/smlee-vnet",
            "location": "koreacentral",
            "name": "smlee-vnet",
            "resource_group_name": "smlee-3tier",
            "subnet": [
              {
                "address_prefix": "10.0.1.0/28",
                "id": "/subscriptions/39438a80-f276-4b26-9c26-bd48ff8bc49c/resourceGroups/smlee-3tier/providers/Microsoft.Network/virtualNetworks/smlee-vnet/subnets/smlee-appgw-subnet",
                "name": "smlee-appgw-subnet",
                "security_group": ""
              },
              {
                "address_prefix": "10.0.10.0/28",
                "id": "/subscriptions/39438a80-f276-4b26-9c26-bd48ff8bc49c/resourceGroups/smlee-3tier/providers/Microsoft.Network/virtualNetworks/smlee-vnet/subnets/smlee-web-subnet",
                "name": "smlee-web-subnet",
                "security_group": "/subscriptions/39438a80-f276-4b26-9c26-bd48ff8bc49c/resourceGroups/smlee-3tier/providers/Microsoft.Network/networkSecurityGroups/smlee-web-nsg"
              },
              {
                "address_prefix": "10.0.2.0/29",
                "id": "/subscriptions/39438a80-f276-4b26-9c26-bd48ff8bc49c/resourceGroups/smlee-3tier/providers/Microsoft.Network/virtualNetworks/smlee-vnet/subnets/smlee-lb-subnet",
                "name": "smlee-lb-subnet",
                "security_group": ""
              },
              {
                "address_prefix": "10.0.20.0/28",
                "id": "/subscriptions/39438a80-f276-4b26-9c26-bd48ff8bc49c/resourceGroups/smlee-3tier/providers/Microsoft.Network/virtualNetworks/smlee-vnet/subnets/smlee-was-subnet",
                "name": "smlee-was-subnet",
                "security_group": "/subscriptions/39438a80-f276-4b26-9c26-bd48ff8bc49c/resourceGroups/smlee-3tier/providers/Microsoft.Network/networkSecurityGroups/smlee-was-nsg"
              },
              {
                "address_prefix": "10.0.3.0/29",
                "id": "/subscriptions/39438a80-f276-4b26-9c26-bd48ff8bc49c/resourceGroups/smlee-3tier/providers/Microsoft.Network/virtualNetworks/smlee-vnet/subnets/smlee-db-subnet",
                "name": "smlee-db-subnet",
                "security_group": ""
              },
              {
                "address_prefix": "10.0.4.0/29",
                "id": "/subscriptions/39438a80-f276-4b26-9c26-bd48ff8bc49c/resourceGroups/smlee-3tier/providers/Microsoft.Network/virtualNetworks/smlee-vnet/subnets/smlee-jumpbox-subnet",
                "name": "smlee-jumpbox-subnet",
                "security_group": ""
              }
            ],
            "tags": {},
            "timeouts": null,
            "vm_protection_enabled": false
          },
          "sensitive_attributes": [],
          "private": "eyJlMmJmYjczMC1lY2FhLTExZTYtOGY4OC0zNDM2M2JjN2M0YzAiOnsiY3JlYXRlIjoxODAwMDAwMDAwMDAwLCJkZWxldGUiOjE4MDAwMDAwMDAwMDAsInJlYWQiOjMwMDAwMDAwMDAwMCwidXBkYXRlIjoxODAwMDAwMDAwMDAwfX0=",
          "dependencies": [
            "azurerm_resource_group.rg"
          ]
        }
      ]
    }
  ]
}
